
Microsoft Visual Studio Solution File, Format Version 12.00
# Visual Studio Version 17
VisualStudioVersion = 17.12.35527.113
MinimumVisualStudioVersion = 10.0.40219.1
Project("{8BC9CEB8-8B4A-11D0-8D11-00A0C91BC942}") = "图", "图\图.vcxproj", "{5DFB4265-0DF5-4EAB-B7EF-96791DFC7A1E}"
EndProject
Project("{8BC9CEB8-8B4A-11D0-8D11-00A0C91BC942}") = "并查集", "并查集\并查集.vcxproj", "{E42DB09D-7DDE-4018-98B8-748ED79D3B98}"
EndProject
Project("{8BC9CEB8-8B4A-11D0-8D11-00A0C91BC942}") = "1000畅通工程", "1000畅通工程\1000畅通工程.vcxproj", "{698C0D0A-F89E-4E9A-8EA9-4C24B36FB31C}"
EndProject
Project("{8BC9CEB8-8B4A-11D0-8D11-00A0C91BC942}") = "1001这是一颗树吗？", "1001这是一颗树吗？\1001这是一颗树吗？.vcxproj", "{536DCFBF-718C-4551-A552-6DFADF9722F8}"
EndProject
Project("{8BC9CEB8-8B4A-11D0-8D11-00A0C91BC942}") = "1000连通图", "1000连通图\1000连通图.vcxproj", "{9CE9F813-10B8-4B92-B144-AD2EE51AE0B5}"
EndProject
Project("{8BC9CEB8-8B4A-11D0-8D11-00A0C91BC942}") = "1001找出直系亲属", "1001找出直系亲属\1001找出直系亲属.vcxproj", "{A32ADBE1-B9F0-4EA3-BB05-B4F65E101BC2}"
EndProject
Project("{8BC9CEB8-8B4A-11D0-8D11-00A0C91BC942}") = "1002第一题", "1002第一题\1002第一题.vcxproj", "{279ADB11-CA2E-4235-962E-7B28B78CA401}"
EndProject
Project("{8BC9CEB8-8B4A-11D0-8D11-00A0C91BC942}") = "1003head of a gang", "1003head of a gang\1003head of a gang.vcxproj", "{539F0BC8-6F2F-48E4-A53B-51BE6AA5EDE7}"
EndProject
Project("{8BC9CEB8-8B4A-11D0-8D11-00A0C91BC942}") = "1002还是畅通工程", "1002还是畅通工程\1002还是畅通工程.vcxproj", "{9CF06107-AB6D-4496-A22E-675C269EF1B5}"
EndProject
Project("{8BC9CEB8-8B4A-11D0-8D11-00A0C91BC942}") = "1004继续畅通工程", "1004继续畅通工程\1004继续畅通工程.vcxproj", "{5EA96C6A-C75E-4928-87FB-7CC179E1EB5D}"
EndProject
Project("{8BC9CEB8-8B4A-11D0-8D11-00A0C91BC942}") = "1005Freckles", "1005Freckles\1005Freckles.vcxproj", "{26F50223-12EB-4E76-9E71-71AE8FA7A3CF}"
EndProject
Project("{8BC9CEB8-8B4A-11D0-8D11-00A0C91BC942}") = "1006JungleRoads", "1006JungleRoads\1006JungleRoads.vcxproj", "{9ED6E9F0-447A-4CDC-90C8-CB144A8D3A3E}"
EndProject
Project("{8BC9CEB8-8B4A-11D0-8D11-00A0C91BC942}") = "1003畅通工程续", "1003畅通工程续\1003畅通工程续.vcxproj", "{3F541811-DC04-459F-9177-00BAA45CC366}"
EndProject
Project("{8BC9CEB8-8B4A-11D0-8D11-00A0C91BC942}") = "1007最短路径问题", "1007最短路径问题\1007最短路径问题.vcxproj", "{BD0C23DC-B9E1-48F4-949A-072DECAAE5A4}"
EndProject
Project("{8BC9CEB8-8B4A-11D0-8D11-00A0C91BC942}") = "1008最短路径", "1008最短路径\1008最短路径.vcxproj", "{31BDC00D-D987-4687-89A8-8EA07D9D0B57}"
EndProject
Global
	GlobalSection(SolutionConfigurationPlatforms) = preSolution
		Debug|x64 = Debug|x64
		Debug|x86 = Debug|x86
		Release|x64 = Release|x64
		Release|x86 = Release|x86
	EndGlobalSection
	GlobalSection(ProjectConfigurationPlatforms) = postSolution
		{5DFB4265-0DF5-4EAB-B7EF-96791DFC7A1E}.Debug|x64.ActiveCfg = Debug|x64
		{5DFB4265-0DF5-4EAB-B7EF-96791DFC7A1E}.Debug|x64.Build.0 = Debug|x64
		{5DFB4265-0DF5-4EAB-B7EF-96791DFC7A1E}.Debug|x86.ActiveCfg = Debug|Win32
		{5DFB4265-0DF5-4EAB-B7EF-96791DFC7A1E}.Debug|x86.Build.0 = Debug|Win32
		{5DFB4265-0DF5-4EAB-B7EF-96791DFC7A1E}.Release|x64.ActiveCfg = Release|x64
		{5DFB4265-0DF5-4EAB-B7EF-96791DFC7A1E}.Release|x64.Build.0 = Release|x64
		{5DFB4265-0DF5-4EAB-B7EF-96791DFC7A1E}.Release|x86.ActiveCfg = Release|Win32
		{5DFB4265-0DF5-4EAB-B7EF-96791DFC7A1E}.Release|x86.Build.0 = Release|Win32
		{E42DB09D-7DDE-4018-98B8-748ED79D3B98}.Debug|x64.ActiveCfg = Debug|x64
		{E42DB09D-7DDE-4018-98B8-748ED79D3B98}.Debug|x64.Build.0 = Debug|x64
		{E42DB09D-7DDE-4018-98B8-748ED79D3B98}.Debug|x86.ActiveCfg = Debug|Win32
		{E42DB09D-7DDE-4018-98B8-748ED79D3B98}.Debug|x86.Build.0 = Debug|Win32
		{E42DB09D-7DDE-4018-98B8-748ED79D3B98}.Release|x64.ActiveCfg = Release|x64
		{E42DB09D-7DDE-4018-98B8-748ED79D3B98}.Release|x64.Build.0 = Release|x64
		{E42DB09D-7DDE-4018-98B8-748ED79D3B98}.Release|x86.ActiveCfg = Release|Win32
		{E42DB09D-7DDE-4018-98B8-748ED79D3B98}.Release|x86.Build.0 = Release|Win32
		{698C0D0A-F89E-4E9A-8EA9-4C24B36FB31C}.Debug|x64.ActiveCfg = Debug|x64
		{698C0D0A-F89E-4E9A-8EA9-4C24B36FB31C}.Debug|x64.Build.0 = Debug|x64
		{698C0D0A-F89E-4E9A-8EA9-4C24B36FB31C}.Debug|x86.ActiveCfg = Debug|Win32
		{698C0D0A-F89E-4E9A-8EA9-4C24B36FB31C}.Debug|x86.Build.0 = Debug|Win32
		{698C0D0A-F89E-4E9A-8EA9-4C24B36FB31C}.Release|x64.ActiveCfg = Release|x64
		{698C0D0A-F89E-4E9A-8EA9-4C24B36FB31C}.Release|x64.Build.0 = Release|x64
		{698C0D0A-F89E-4E9A-8EA9-4C24B36FB31C}.Release|x86.ActiveCfg = Release|Win32
		{698C0D0A-F89E-4E9A-8EA9-4C24B36FB31C}.Release|x86.Build.0 = Release|Win32
		{536DCFBF-718C-4551-A552-6DFADF9722F8}.Debug|x64.ActiveCfg = Debug|x64
		{536DCFBF-718C-4551-A552-6DFADF9722F8}.Debug|x64.Build.0 = Debug|x64
		{536DCFBF-718C-4551-A552-6DFADF9722F8}.Debug|x86.ActiveCfg = Debug|Win32
		{536DCFBF-718C-4551-A552-6DFADF9722F8}.Debug|x86.Build.0 = Debug|Win32
		{536DCFBF-718C-4551-A552-6DFADF9722F8}.Release|x64.ActiveCfg = Release|x64
		{536DCFBF-718C-4551-A552-6DFADF9722F8}.Release|x64.Build.0 = Release|x64
		{536DCFBF-718C-4551-A552-6DFADF9722F8}.Release|x86.ActiveCfg = Release|Win32
		{536DCFBF-718C-4551-A552-6DFADF9722F8}.Release|x86.Build.0 = Release|Win32
		{9CE9F813-10B8-4B92-B144-AD2EE51AE0B5}.Debug|x64.ActiveCfg = Debug|x64
		{9CE9F813-10B8-4B92-B144-AD2EE51AE0B5}.Debug|x64.Build.0 = Debug|x64
		{9CE9F813-10B8-4B92-B144-AD2EE51AE0B5}.Debug|x86.ActiveCfg = Debug|Win32
		{9CE9F813-10B8-4B92-B144-AD2EE51AE0B5}.Debug|x86.Build.0 = Debug|Win32
		{9CE9F813-10B8-4B92-B144-AD2EE51AE0B5}.Release|x64.ActiveCfg = Release|x64
		{9CE9F813-10B8-4B92-B144-AD2EE51AE0B5}.Release|x64.Build.0 = Release|x64
		{9CE9F813-10B8-4B92-B144-AD2EE51AE0B5}.Release|x86.ActiveCfg = Release|Win32
		{9CE9F813-10B8-4B92-B144-AD2EE51AE0B5}.Release|x86.Build.0 = Release|Win32
		{A32ADBE1-B9F0-4EA3-BB05-B4F65E101BC2}.Debug|x64.ActiveCfg = Debug|x64
		{A32ADBE1-B9F0-4EA3-BB05-B4F65E101BC2}.Debug|x64.Build.0 = Debug|x64
		{A32ADBE1-B9F0-4EA3-BB05-B4F65E101BC2}.Debug|x86.ActiveCfg = Debug|Win32
		{A32ADBE1-B9F0-4EA3-BB05-B4F65E101BC2}.Debug|x86.Build.0 = Debug|Win32
		{A32ADBE1-B9F0-4EA3-BB05-B4F65E101BC2}.Release|x64.ActiveCfg = Release|x64
		{A32ADBE1-B9F0-4EA3-BB05-B4F65E101BC2}.Release|x64.Build.0 = Release|x64
		{A32ADBE1-B9F0-4EA3-BB05-B4F65E101BC2}.Release|x86.ActiveCfg = Release|Win32
		{A32ADBE1-B9F0-4EA3-BB05-B4F65E101BC2}.Release|x86.Build.0 = Release|Win32
		{279ADB11-CA2E-4235-962E-7B28B78CA401}.Debug|x64.ActiveCfg = Debug|x64
		{279ADB11-CA2E-4235-962E-7B28B78CA401}.Debug|x64.Build.0 = Debug|x64
		{279ADB11-CA2E-4235-962E-7B28B78CA401}.Debug|x86.ActiveCfg = Debug|Win32
		{279ADB11-CA2E-4235-962E-7B28B78CA401}.Debug|x86.Build.0 = Debug|Win32
		{279ADB11-CA2E-4235-962E-7B28B78CA401}.Release|x64.ActiveCfg = Release|x64
		{279ADB11-CA2E-4235-962E-7B28B78CA401}.Release|x64.Build.0 = Release|x64
		{279ADB11-CA2E-4235-962E-7B28B78CA401}.Release|x86.ActiveCfg = Release|Win32
		{279ADB11-CA2E-4235-962E-7B28B78CA401}.Release|x86.Build.0 = Release|Win32
		{539F0BC8-6F2F-48E4-A53B-51BE6AA5EDE7}.Debug|x64.ActiveCfg = Debug|x64
		{539F0BC8-6F2F-48E4-A53B-51BE6AA5EDE7}.Debug|x64.Build.0 = Debug|x64
		{539F0BC8-6F2F-48E4-A53B-51BE6AA5EDE7}.Debug|x86.ActiveCfg = Debug|Win32
		{539F0BC8-6F2F-48E4-A53B-51BE6AA5EDE7}.Debug|x86.Build.0 = Debug|Win32
		{539F0BC8-6F2F-48E4-A53B-51BE6AA5EDE7}.Release|x64.ActiveCfg = Release|x64
		{539F0BC8-6F2F-48E4-A53B-51BE6AA5EDE7}.Release|x64.Build.0 = Release|x64
		{539F0BC8-6F2F-48E4-A53B-51BE6AA5EDE7}.Release|x86.ActiveCfg = Release|Win32
		{539F0BC8-6F2F-48E4-A53B-51BE6AA5EDE7}.Release|x86.Build.0 = Release|Win32
		{9CF06107-AB6D-4496-A22E-675C269EF1B5}.Debug|x64.ActiveCfg = Debug|x64
		{9CF06107-AB6D-4496-A22E-675C269EF1B5}.Debug|x64.Build.0 = Debug|x64
		{9CF06107-AB6D-4496-A22E-675C269EF1B5}.Debug|x86.ActiveCfg = Debug|Win32
		{9CF06107-AB6D-4496-A22E-675C269EF1B5}.Debug|x86.Build.0 = Debug|Win32
		{9CF06107-AB6D-4496-A22E-675C269EF1B5}.Release|x64.ActiveCfg = Release|x64
		{9CF06107-AB6D-4496-A22E-675C269EF1B5}.Release|x64.Build.0 = Release|x64
		{9CF06107-AB6D-4496-A22E-675C269EF1B5}.Release|x86.ActiveCfg = Release|Win32
		{9CF06107-AB6D-4496-A22E-675C269EF1B5}.Release|x86.Build.0 = Release|Win32
		{5EA96C6A-C75E-4928-87FB-7CC179E1EB5D}.Debug|x64.ActiveCfg = Debug|x64
		{5EA96C6A-C75E-4928-87FB-7CC179E1EB5D}.Debug|x64.Build.0 = Debug|x64
		{5EA96C6A-C75E-4928-87FB-7CC179E1EB5D}.Debug|x86.ActiveCfg = Debug|Win32
		{5EA96C6A-C75E-4928-87FB-7CC179E1EB5D}.Debug|x86.Build.0 = Debug|Win32
		{5EA96C6A-C75E-4928-87FB-7CC179E1EB5D}.Release|x64.ActiveCfg = Release|x64
		{5EA96C6A-C75E-4928-87FB-7CC179E1EB5D}.Release|x64.Build.0 = Release|x64
		{5EA96C6A-C75E-4928-87FB-7CC179E1EB5D}.Release|x86.ActiveCfg = Release|Win32
		{5EA96C6A-C75E-4928-87FB-7CC179E1EB5D}.Release|x86.Build.0 = Release|Win32
		{26F50223-12EB-4E76-9E71-71AE8FA7A3CF}.Debug|x64.ActiveCfg = Debug|x64
		{26F50223-12EB-4E76-9E71-71AE8FA7A3CF}.Debug|x64.Build.0 = Debug|x64
		{26F50223-12EB-4E76-9E71-71AE8FA7A3CF}.Debug|x86.ActiveCfg = Debug|Win32
		{26F50223-12EB-4E76-9E71-71AE8FA7A3CF}.Debug|x86.Build.0 = Debug|Win32
		{26F50223-12EB-4E76-9E71-71AE8FA7A3CF}.Release|x64.ActiveCfg = Release|x64
		{26F50223-12EB-4E76-9E71-71AE8FA7A3CF}.Release|x64.Build.0 = Release|x64
		{26F50223-12EB-4E76-9E71-71AE8FA7A3CF}.Release|x86.ActiveCfg = Release|Win32
		{26F50223-12EB-4E76-9E71-71AE8FA7A3CF}.Release|x86.Build.0 = Release|Win32
		{9ED6E9F0-447A-4CDC-90C8-CB144A8D3A3E}.Debug|x64.ActiveCfg = Debug|x64
		{9ED6E9F0-447A-4CDC-90C8-CB144A8D3A3E}.Debug|x64.Build.0 = Debug|x64
		{9ED6E9F0-447A-4CDC-90C8-CB144A8D3A3E}.Debug|x86.ActiveCfg = Debug|Win32
		{9ED6E9F0-447A-4CDC-90C8-CB144A8D3A3E}.Debug|x86.Build.0 = Debug|Win32
		{9ED6E9F0-447A-4CDC-90C8-CB144A8D3A3E}.Release|x64.ActiveCfg = Release|x64
		{9ED6E9F0-447A-4CDC-90C8-CB144A8D3A3E}.Release|x64.Build.0 = Release|x64
		{9ED6E9F0-447A-4CDC-90C8-CB144A8D3A3E}.Release|x86.ActiveCfg = Release|Win32
		{9ED6E9F0-447A-4CDC-90C8-CB144A8D3A3E}.Release|x86.Build.0 = Release|Win32
		{3F541811-DC04-459F-9177-00BAA45CC366}.Debug|x64.ActiveCfg = Debug|x64
		{3F541811-DC04-459F-9177-00BAA45CC366}.Debug|x64.Build.0 = Debug|x64
		{3F541811-DC04-459F-9177-00BAA45CC366}.Debug|x86.ActiveCfg = Debug|Win32
		{3F541811-DC04-459F-9177-00BAA45CC366}.Debug|x86.Build.0 = Debug|Win32
		{3F541811-DC04-459F-9177-00BAA45CC366}.Release|x64.ActiveCfg = Release|x64
		{3F541811-DC04-459F-9177-00BAA45CC366}.Release|x64.Build.0 = Release|x64
		{3F541811-DC04-459F-9177-00BAA45CC366}.Release|x86.ActiveCfg = Release|Win32
		{3F541811-DC04-459F-9177-00BAA45CC366}.Release|x86.Build.0 = Release|Win32
		{BD0C23DC-B9E1-48F4-949A-072DECAAE5A4}.Debug|x64.ActiveCfg = Debug|x64
		{BD0C23DC-B9E1-48F4-949A-072DECAAE5A4}.Debug|x64.Build.0 = Debug|x64
		{BD0C23DC-B9E1-48F4-949A-072DECAAE5A4}.Debug|x86.ActiveCfg = Debug|Win32
		{BD0C23DC-B9E1-48F4-949A-072DECAAE5A4}.Debug|x86.Build.0 = Debug|Win32
		{BD0C23DC-B9E1-48F4-949A-072DECAAE5A4}.Release|x64.ActiveCfg = Release|x64
		{BD0C23DC-B9E1-48F4-949A-072DECAAE5A4}.Release|x64.Build.0 = Release|x64
		{BD0C23DC-B9E1-48F4-949A-072DECAAE5A4}.Release|x86.ActiveCfg = Release|Win32
		{BD0C23DC-B9E1-48F4-949A-072DECAAE5A4}.Release|x86.Build.0 = Release|Win32
		{31BDC00D-D987-4687-89A8-8EA07D9D0B57}.Debug|x64.ActiveCfg = Debug|x64
		{31BDC00D-D987-4687-89A8-8EA07D9D0B57}.Debug|x64.Build.0 = Debug|x64
		{31BDC00D-D987-4687-89A8-8EA07D9D0B57}.Debug|x86.ActiveCfg = Debug|Win32
		{31BDC00D-D987-4687-89A8-8EA07D9D0B57}.Debug|x86.Build.0 = Debug|Win32
		{31BDC00D-D987-4687-89A8-8EA07D9D0B57}.Release|x64.ActiveCfg = Release|x64
		{31BDC00D-D987-4687-89A8-8EA07D9D0B57}.Release|x64.Build.0 = Release|x64
		{31BDC00D-D987-4687-89A8-8EA07D9D0B57}.Release|x86.ActiveCfg = Release|Win32
		{31BDC00D-D987-4687-89A8-8EA07D9D0B57}.Release|x86.Build.0 = Release|Win32
	EndGlobalSection
	GlobalSection(SolutionProperties) = preSolution
		HideSolutionNode = FALSE
	EndGlobalSection
EndGlobal
