
Microsoft Visual Studio Solution File, Format Version 12.00
# Visual Studio Version 17
VisualStudioVersion = 17.12.35527.113
MinimumVisualStudioVersion = 10.0.40219.1
Project("{8BC9CEB8-8B4A-11D0-8D11-00A0C91BC942}") = "0400单词个数统计", "0400单词个数统计\0400单词个数统计.vcxproj", "{76BDBEA5-F37A-41AB-AD6D-D3FE5170BF52}"
EndProject
Project("{8BC9CEB8-8B4A-11D0-8D11-00A0C91BC942}") = "string", "string\string.vcxproj", "{F6BFF683-E82E-44E6-9EAE-FE4092618573}"
EndProject
Project("{8BC9CEB8-8B4A-11D0-8D11-00A0C91BC942}") = "0401浮点数加法", "0401浮点数假发\0401浮点数假发.vcxproj", "{49CF395E-BA6D-49E6-9DE8-FDDFA12D14E3}"
EndProject
Project("{8BC9CEB8-8B4A-11D0-8D11-00A0C91BC942}") = "0402w的密码", "0402w的密码\0402w的密码.vcxproj", "{0BDD701D-A553-4365-84A3-A02F1BBDB1C9}"
EndProject
Project("{8BC9CEB8-8B4A-11D0-8D11-00A0C91BC942}") = "0400寻找变化前的01序列", "0400寻找变化前的01序列\0400寻找变化前的01序列.vcxproj", "{DF17975B-E723-40F0-9DA3-AA274AC08B94}"
EndProject
Project("{8BC9CEB8-8B4A-11D0-8D11-00A0C91BC942}") = "0401大整数排序", "0401大整数排序\0401大整数排序.vcxproj", "{3F71B687-AA1E-48D0-BF91-D03D4319B080}"
EndProject
Project("{8BC9CEB8-8B4A-11D0-8D11-00A0C91BC942}") = "0402复制剪切粘贴", "0402复制剪切粘贴\0402复制剪切粘贴.vcxproj", "{CB1E47C0-1BBF-404B-9BDE-80A991AA95A3}"
EndProject
Project("{8BC9CEB8-8B4A-11D0-8D11-00A0C91BC942}") = "0403字母统计", "0403字母统计\0403字母统计.vcxproj", "{1B1D8B1B-3B4C-43D9-B2FB-032E0C8C2968}"
EndProject
Project("{8BC9CEB8-8B4A-11D0-8D11-00A0C91BC942}") = "0404skew数", "0404skew数\0404skew数.vcxproj", "{9B0F78CC-0D29-4DC1-A67A-D53B591BF08B}"
EndProject
Project("{8BC9CEB8-8B4A-11D0-8D11-00A0C91BC942}") = "0405单词替换", "0405单词替换\0405单词替换.vcxproj", "{31BCDDE9-AC2A-4179-891A-EBF3870F1726}"
EndProject
Project("{8BC9CEB8-8B4A-11D0-8D11-00A0C91BC942}") = "0406首字母大写", "0406首字母大写\0406首字母大写.vcxproj", "{77428CE0-C49F-4359-B1DE-A0DD2F977FAA}"
EndProject
Global
	GlobalSection(SolutionConfigurationPlatforms) = preSolution
		Debug|x64 = Debug|x64
		Debug|x86 = Debug|x86
		Release|x64 = Release|x64
		Release|x86 = Release|x86
	EndGlobalSection
	GlobalSection(ProjectConfigurationPlatforms) = postSolution
		{76BDBEA5-F37A-41AB-AD6D-D3FE5170BF52}.Debug|x64.ActiveCfg = Debug|x64
		{76BDBEA5-F37A-41AB-AD6D-D3FE5170BF52}.Debug|x64.Build.0 = Debug|x64
		{76BDBEA5-F37A-41AB-AD6D-D3FE5170BF52}.Debug|x86.ActiveCfg = Debug|Win32
		{76BDBEA5-F37A-41AB-AD6D-D3FE5170BF52}.Debug|x86.Build.0 = Debug|Win32
		{76BDBEA5-F37A-41AB-AD6D-D3FE5170BF52}.Release|x64.ActiveCfg = Release|x64
		{76BDBEA5-F37A-41AB-AD6D-D3FE5170BF52}.Release|x64.Build.0 = Release|x64
		{76BDBEA5-F37A-41AB-AD6D-D3FE5170BF52}.Release|x86.ActiveCfg = Release|Win32
		{76BDBEA5-F37A-41AB-AD6D-D3FE5170BF52}.Release|x86.Build.0 = Release|Win32
		{F6BFF683-E82E-44E6-9EAE-FE4092618573}.Debug|x64.ActiveCfg = Debug|x64
		{F6BFF683-E82E-44E6-9EAE-FE4092618573}.Debug|x64.Build.0 = Debug|x64
		{F6BFF683-E82E-44E6-9EAE-FE4092618573}.Debug|x86.ActiveCfg = Debug|Win32
		{F6BFF683-E82E-44E6-9EAE-FE4092618573}.Debug|x86.Build.0 = Debug|Win32
		{F6BFF683-E82E-44E6-9EAE-FE4092618573}.Release|x64.ActiveCfg = Release|x64
		{F6BFF683-E82E-44E6-9EAE-FE4092618573}.Release|x64.Build.0 = Release|x64
		{F6BFF683-E82E-44E6-9EAE-FE4092618573}.Release|x86.ActiveCfg = Release|Win32
		{F6BFF683-E82E-44E6-9EAE-FE4092618573}.Release|x86.Build.0 = Release|Win32
		{49CF395E-BA6D-49E6-9DE8-FDDFA12D14E3}.Debug|x64.ActiveCfg = Debug|x64
		{49CF395E-BA6D-49E6-9DE8-FDDFA12D14E3}.Debug|x64.Build.0 = Debug|x64
		{49CF395E-BA6D-49E6-9DE8-FDDFA12D14E3}.Debug|x86.ActiveCfg = Debug|Win32
		{49CF395E-BA6D-49E6-9DE8-FDDFA12D14E3}.Debug|x86.Build.0 = Debug|Win32
		{49CF395E-BA6D-49E6-9DE8-FDDFA12D14E3}.Release|x64.ActiveCfg = Release|x64
		{49CF395E-BA6D-49E6-9DE8-FDDFA12D14E3}.Release|x64.Build.0 = Release|x64
		{49CF395E-BA6D-49E6-9DE8-FDDFA12D14E3}.Release|x86.ActiveCfg = Release|Win32
		{49CF395E-BA6D-49E6-9DE8-FDDFA12D14E3}.Release|x86.Build.0 = Release|Win32
		{0BDD701D-A553-4365-84A3-A02F1BBDB1C9}.Debug|x64.ActiveCfg = Debug|x64
		{0BDD701D-A553-4365-84A3-A02F1BBDB1C9}.Debug|x64.Build.0 = Debug|x64
		{0BDD701D-A553-4365-84A3-A02F1BBDB1C9}.Debug|x86.ActiveCfg = Debug|Win32
		{0BDD701D-A553-4365-84A3-A02F1BBDB1C9}.Debug|x86.Build.0 = Debug|Win32
		{0BDD701D-A553-4365-84A3-A02F1BBDB1C9}.Release|x64.ActiveCfg = Release|x64
		{0BDD701D-A553-4365-84A3-A02F1BBDB1C9}.Release|x64.Build.0 = Release|x64
		{0BDD701D-A553-4365-84A3-A02F1BBDB1C9}.Release|x86.ActiveCfg = Release|Win32
		{0BDD701D-A553-4365-84A3-A02F1BBDB1C9}.Release|x86.Build.0 = Release|Win32
		{DF17975B-E723-40F0-9DA3-AA274AC08B94}.Debug|x64.ActiveCfg = Debug|x64
		{DF17975B-E723-40F0-9DA3-AA274AC08B94}.Debug|x64.Build.0 = Debug|x64
		{DF17975B-E723-40F0-9DA3-AA274AC08B94}.Debug|x86.ActiveCfg = Debug|Win32
		{DF17975B-E723-40F0-9DA3-AA274AC08B94}.Debug|x86.Build.0 = Debug|Win32
		{DF17975B-E723-40F0-9DA3-AA274AC08B94}.Release|x64.ActiveCfg = Release|x64
		{DF17975B-E723-40F0-9DA3-AA274AC08B94}.Release|x64.Build.0 = Release|x64
		{DF17975B-E723-40F0-9DA3-AA274AC08B94}.Release|x86.ActiveCfg = Release|Win32
		{DF17975B-E723-40F0-9DA3-AA274AC08B94}.Release|x86.Build.0 = Release|Win32
		{3F71B687-AA1E-48D0-BF91-D03D4319B080}.Debug|x64.ActiveCfg = Debug|x64
		{3F71B687-AA1E-48D0-BF91-D03D4319B080}.Debug|x64.Build.0 = Debug|x64
		{3F71B687-AA1E-48D0-BF91-D03D4319B080}.Debug|x86.ActiveCfg = Debug|Win32
		{3F71B687-AA1E-48D0-BF91-D03D4319B080}.Debug|x86.Build.0 = Debug|Win32
		{3F71B687-AA1E-48D0-BF91-D03D4319B080}.Release|x64.ActiveCfg = Release|x64
		{3F71B687-AA1E-48D0-BF91-D03D4319B080}.Release|x64.Build.0 = Release|x64
		{3F71B687-AA1E-48D0-BF91-D03D4319B080}.Release|x86.ActiveCfg = Release|Win32
		{3F71B687-AA1E-48D0-BF91-D03D4319B080}.Release|x86.Build.0 = Release|Win32
		{CB1E47C0-1BBF-404B-9BDE-80A991AA95A3}.Debug|x64.ActiveCfg = Debug|x64
		{CB1E47C0-1BBF-404B-9BDE-80A991AA95A3}.Debug|x64.Build.0 = Debug|x64
		{CB1E47C0-1BBF-404B-9BDE-80A991AA95A3}.Debug|x86.ActiveCfg = Debug|Win32
		{CB1E47C0-1BBF-404B-9BDE-80A991AA95A3}.Debug|x86.Build.0 = Debug|Win32
		{CB1E47C0-1BBF-404B-9BDE-80A991AA95A3}.Release|x64.ActiveCfg = Release|x64
		{CB1E47C0-1BBF-404B-9BDE-80A991AA95A3}.Release|x64.Build.0 = Release|x64
		{CB1E47C0-1BBF-404B-9BDE-80A991AA95A3}.Release|x86.ActiveCfg = Release|Win32
		{CB1E47C0-1BBF-404B-9BDE-80A991AA95A3}.Release|x86.Build.0 = Release|Win32
		{1B1D8B1B-3B4C-43D9-B2FB-032E0C8C2968}.Debug|x64.ActiveCfg = Debug|x64
		{1B1D8B1B-3B4C-43D9-B2FB-032E0C8C2968}.Debug|x64.Build.0 = Debug|x64
		{1B1D8B1B-3B4C-43D9-B2FB-032E0C8C2968}.Debug|x86.ActiveCfg = Debug|Win32
		{1B1D8B1B-3B4C-43D9-B2FB-032E0C8C2968}.Debug|x86.Build.0 = Debug|Win32
		{1B1D8B1B-3B4C-43D9-B2FB-032E0C8C2968}.Release|x64.ActiveCfg = Release|x64
		{1B1D8B1B-3B4C-43D9-B2FB-032E0C8C2968}.Release|x64.Build.0 = Release|x64
		{1B1D8B1B-3B4C-43D9-B2FB-032E0C8C2968}.Release|x86.ActiveCfg = Release|Win32
		{1B1D8B1B-3B4C-43D9-B2FB-032E0C8C2968}.Release|x86.Build.0 = Release|Win32
		{9B0F78CC-0D29-4DC1-A67A-D53B591BF08B}.Debug|x64.ActiveCfg = Debug|x64
		{9B0F78CC-0D29-4DC1-A67A-D53B591BF08B}.Debug|x64.Build.0 = Debug|x64
		{9B0F78CC-0D29-4DC1-A67A-D53B591BF08B}.Debug|x86.ActiveCfg = Debug|Win32
		{9B0F78CC-0D29-4DC1-A67A-D53B591BF08B}.Debug|x86.Build.0 = Debug|Win32
		{9B0F78CC-0D29-4DC1-A67A-D53B591BF08B}.Release|x64.ActiveCfg = Release|x64
		{9B0F78CC-0D29-4DC1-A67A-D53B591BF08B}.Release|x64.Build.0 = Release|x64
		{9B0F78CC-0D29-4DC1-A67A-D53B591BF08B}.Release|x86.ActiveCfg = Release|Win32
		{9B0F78CC-0D29-4DC1-A67A-D53B591BF08B}.Release|x86.Build.0 = Release|Win32
		{31BCDDE9-AC2A-4179-891A-EBF3870F1726}.Debug|x64.ActiveCfg = Debug|x64
		{31BCDDE9-AC2A-4179-891A-EBF3870F1726}.Debug|x64.Build.0 = Debug|x64
		{31BCDDE9-AC2A-4179-891A-EBF3870F1726}.Debug|x86.ActiveCfg = Debug|Win32
		{31BCDDE9-AC2A-4179-891A-EBF3870F1726}.Debug|x86.Build.0 = Debug|Win32
		{31BCDDE9-AC2A-4179-891A-EBF3870F1726}.Release|x64.ActiveCfg = Release|x64
		{31BCDDE9-AC2A-4179-891A-EBF3870F1726}.Release|x64.Build.0 = Release|x64
		{31BCDDE9-AC2A-4179-891A-EBF3870F1726}.Release|x86.ActiveCfg = Release|Win32
		{31BCDDE9-AC2A-4179-891A-EBF3870F1726}.Release|x86.Build.0 = Release|Win32
		{77428CE0-C49F-4359-B1DE-A0DD2F977FAA}.Debug|x64.ActiveCfg = Debug|x64
		{77428CE0-C49F-4359-B1DE-A0DD2F977FAA}.Debug|x64.Build.0 = Debug|x64
		{77428CE0-C49F-4359-B1DE-A0DD2F977FAA}.Debug|x86.ActiveCfg = Debug|Win32
		{77428CE0-C49F-4359-B1DE-A0DD2F977FAA}.Debug|x86.Build.0 = Debug|Win32
		{77428CE0-C49F-4359-B1DE-A0DD2F977FAA}.Release|x64.ActiveCfg = Release|x64
		{77428CE0-C49F-4359-B1DE-A0DD2F977FAA}.Release|x64.Build.0 = Release|x64
		{77428CE0-C49F-4359-B1DE-A0DD2F977FAA}.Release|x86.ActiveCfg = Release|Win32
		{77428CE0-C49F-4359-B1DE-A0DD2F977FAA}.Release|x86.Build.0 = Release|Win32
	EndGlobalSection
	GlobalSection(SolutionProperties) = preSolution
		HideSolutionNode = FALSE
	EndGlobalSection
EndGlobal
