
Microsoft Visual Studio Solution File, Format Version 12.00
# Visual Studio Version 17
VisualStudioVersion = 17.12.35527.113
MinimumVisualStudioVersion = 10.0.40219.1
Project("{8BC9CEB8-8B4A-11D0-8D11-00A0C91BC942}") = "1100放苹果", "1100放苹果\1100放苹果.vcxproj", "{D8BAA026-ED40-4071-9428-D57090924ADF}"
EndProject
Project("{8BC9CEB8-8B4A-11D0-8D11-00A0C91BC942}") = "从递归到动态规划-以上台阶为例", "从递归到动态规划-以上台阶为例\从递归到动态规划-以上台阶为例.vcxproj", "{30212F71-3F9C-44D1-8972-529FF4CAE869}"
EndProject
Project("{8BC9CEB8-8B4A-11D0-8D11-00A0C91BC942}") = "1100吃糖果", "1100吃糖果\1100吃糖果.vcxproj", "{C6891093-9F19-41D9-A986-466A14D12727}"
EndProject
Project("{8BC9CEB8-8B4A-11D0-8D11-00A0C91BC942}") = "1101最长公共子序列", "1101最长公共子序列\1101最长公共子序列.vcxproj", "{EEDB26BD-E6DD-4EB5-8B71-2EA194B9A8FF}"
EndProject
Project("{8BC9CEB8-8B4A-11D0-8D11-00A0C91BC942}") = "1102最长公共子串", "1102最长公共子串\1102最长公共子串.vcxproj", "{857FB531-2245-429C-BFC9-06DD5324F28A}"
EndProject
Project("{8BC9CEB8-8B4A-11D0-8D11-00A0C91BC942}") = "1103 最大序列和", "1103 最大序列和\1103 最大序列和.vcxproj", "{1758C062-15D4-4DEE-A1DA-8ABF28A75901}"
EndProject
Project("{8BC9CEB8-8B4A-11D0-8D11-00A0C91BC942}") = "1101最大子矩阵", "1101最大子矩阵\1101最大子矩阵.vcxproj", "{D10910DA-C407-470A-89E2-7487ADF331AC}"
EndProject
Project("{8BC9CEB8-8B4A-11D0-8D11-00A0C91BC942}") = "1102最大连续子序列", "1102最大连续子序列\1102最大连续子序列.vcxproj", "{7F0FE927-ADE6-45C4-8B9A-826CD6AC8851}"
EndProject
Project("{8BC9CEB8-8B4A-11D0-8D11-00A0C91BC942}") = "1103最长上升子序列和", "1103最长上升子序列和\1103最长上升子序列和.vcxproj", "{966146FB-96F0-4C30-BE53-DB1015333131}"
EndProject
Project("{8BC9CEB8-8B4A-11D0-8D11-00A0C91BC942}") = "1104点菜问题", "1104点菜问题\1104点菜问题.vcxproj", "{18CBE4EA-53F9-4227-ADEA-666D698AB0F0}"
EndProject
Project("{8BC9CEB8-8B4A-11D0-8D11-00A0C91BC942}") = "1104最小邮票数", "1104最小邮票数\1104最小邮票数.vcxproj", "{63A28C8D-4BBA-4AEE-B187-C056E37FF425}"
EndProject
Project("{8BC9CEB8-8B4A-11D0-8D11-00A0C91BC942}") = "1105神奇的口袋", "1105神奇的口袋\1105神奇的口袋.vcxproj", "{C6C8048B-E7BF-468A-A7EB-8E06F5D52977}"
EndProject
Global
	GlobalSection(SolutionConfigurationPlatforms) = preSolution
		Debug|x64 = Debug|x64
		Debug|x86 = Debug|x86
		Release|x64 = Release|x64
		Release|x86 = Release|x86
	EndGlobalSection
	GlobalSection(ProjectConfigurationPlatforms) = postSolution
		{D8BAA026-ED40-4071-9428-D57090924ADF}.Debug|x64.ActiveCfg = Debug|x64
		{D8BAA026-ED40-4071-9428-D57090924ADF}.Debug|x64.Build.0 = Debug|x64
		{D8BAA026-ED40-4071-9428-D57090924ADF}.Debug|x86.ActiveCfg = Debug|Win32
		{D8BAA026-ED40-4071-9428-D57090924ADF}.Debug|x86.Build.0 = Debug|Win32
		{D8BAA026-ED40-4071-9428-D57090924ADF}.Release|x64.ActiveCfg = Release|x64
		{D8BAA026-ED40-4071-9428-D57090924ADF}.Release|x64.Build.0 = Release|x64
		{D8BAA026-ED40-4071-9428-D57090924ADF}.Release|x86.ActiveCfg = Release|Win32
		{D8BAA026-ED40-4071-9428-D57090924ADF}.Release|x86.Build.0 = Release|Win32
		{30212F71-3F9C-44D1-8972-529FF4CAE869}.Debug|x64.ActiveCfg = Debug|x64
		{30212F71-3F9C-44D1-8972-529FF4CAE869}.Debug|x64.Build.0 = Debug|x64
		{30212F71-3F9C-44D1-8972-529FF4CAE869}.Debug|x86.ActiveCfg = Debug|Win32
		{30212F71-3F9C-44D1-8972-529FF4CAE869}.Debug|x86.Build.0 = Debug|Win32
		{30212F71-3F9C-44D1-8972-529FF4CAE869}.Release|x64.ActiveCfg = Release|x64
		{30212F71-3F9C-44D1-8972-529FF4CAE869}.Release|x64.Build.0 = Release|x64
		{30212F71-3F9C-44D1-8972-529FF4CAE869}.Release|x86.ActiveCfg = Release|Win32
		{30212F71-3F9C-44D1-8972-529FF4CAE869}.Release|x86.Build.0 = Release|Win32
		{C6891093-9F19-41D9-A986-466A14D12727}.Debug|x64.ActiveCfg = Debug|x64
		{C6891093-9F19-41D9-A986-466A14D12727}.Debug|x64.Build.0 = Debug|x64
		{C6891093-9F19-41D9-A986-466A14D12727}.Debug|x86.ActiveCfg = Debug|Win32
		{C6891093-9F19-41D9-A986-466A14D12727}.Debug|x86.Build.0 = Debug|Win32
		{C6891093-9F19-41D9-A986-466A14D12727}.Release|x64.ActiveCfg = Release|x64
		{C6891093-9F19-41D9-A986-466A14D12727}.Release|x64.Build.0 = Release|x64
		{C6891093-9F19-41D9-A986-466A14D12727}.Release|x86.ActiveCfg = Release|Win32
		{C6891093-9F19-41D9-A986-466A14D12727}.Release|x86.Build.0 = Release|Win32
		{EEDB26BD-E6DD-4EB5-8B71-2EA194B9A8FF}.Debug|x64.ActiveCfg = Debug|x64
		{EEDB26BD-E6DD-4EB5-8B71-2EA194B9A8FF}.Debug|x64.Build.0 = Debug|x64
		{EEDB26BD-E6DD-4EB5-8B71-2EA194B9A8FF}.Debug|x86.ActiveCfg = Debug|Win32
		{EEDB26BD-E6DD-4EB5-8B71-2EA194B9A8FF}.Debug|x86.Build.0 = Debug|Win32
		{EEDB26BD-E6DD-4EB5-8B71-2EA194B9A8FF}.Release|x64.ActiveCfg = Release|x64
		{EEDB26BD-E6DD-4EB5-8B71-2EA194B9A8FF}.Release|x64.Build.0 = Release|x64
		{EEDB26BD-E6DD-4EB5-8B71-2EA194B9A8FF}.Release|x86.ActiveCfg = Release|Win32
		{EEDB26BD-E6DD-4EB5-8B71-2EA194B9A8FF}.Release|x86.Build.0 = Release|Win32
		{857FB531-2245-429C-BFC9-06DD5324F28A}.Debug|x64.ActiveCfg = Debug|x64
		{857FB531-2245-429C-BFC9-06DD5324F28A}.Debug|x64.Build.0 = Debug|x64
		{857FB531-2245-429C-BFC9-06DD5324F28A}.Debug|x86.ActiveCfg = Debug|Win32
		{857FB531-2245-429C-BFC9-06DD5324F28A}.Debug|x86.Build.0 = Debug|Win32
		{857FB531-2245-429C-BFC9-06DD5324F28A}.Release|x64.ActiveCfg = Release|x64
		{857FB531-2245-429C-BFC9-06DD5324F28A}.Release|x64.Build.0 = Release|x64
		{857FB531-2245-429C-BFC9-06DD5324F28A}.Release|x86.ActiveCfg = Release|Win32
		{857FB531-2245-429C-BFC9-06DD5324F28A}.Release|x86.Build.0 = Release|Win32
		{1758C062-15D4-4DEE-A1DA-8ABF28A75901}.Debug|x64.ActiveCfg = Debug|x64
		{1758C062-15D4-4DEE-A1DA-8ABF28A75901}.Debug|x64.Build.0 = Debug|x64
		{1758C062-15D4-4DEE-A1DA-8ABF28A75901}.Debug|x86.ActiveCfg = Debug|Win32
		{1758C062-15D4-4DEE-A1DA-8ABF28A75901}.Debug|x86.Build.0 = Debug|Win32
		{1758C062-15D4-4DEE-A1DA-8ABF28A75901}.Release|x64.ActiveCfg = Release|x64
		{1758C062-15D4-4DEE-A1DA-8ABF28A75901}.Release|x64.Build.0 = Release|x64
		{1758C062-15D4-4DEE-A1DA-8ABF28A75901}.Release|x86.ActiveCfg = Release|Win32
		{1758C062-15D4-4DEE-A1DA-8ABF28A75901}.Release|x86.Build.0 = Release|Win32
		{D10910DA-C407-470A-89E2-7487ADF331AC}.Debug|x64.ActiveCfg = Debug|x64
		{D10910DA-C407-470A-89E2-7487ADF331AC}.Debug|x64.Build.0 = Debug|x64
		{D10910DA-C407-470A-89E2-7487ADF331AC}.Debug|x86.ActiveCfg = Debug|Win32
		{D10910DA-C407-470A-89E2-7487ADF331AC}.Debug|x86.Build.0 = Debug|Win32
		{D10910DA-C407-470A-89E2-7487ADF331AC}.Release|x64.ActiveCfg = Release|x64
		{D10910DA-C407-470A-89E2-7487ADF331AC}.Release|x64.Build.0 = Release|x64
		{D10910DA-C407-470A-89E2-7487ADF331AC}.Release|x86.ActiveCfg = Release|Win32
		{D10910DA-C407-470A-89E2-7487ADF331AC}.Release|x86.Build.0 = Release|Win32
		{7F0FE927-ADE6-45C4-8B9A-826CD6AC8851}.Debug|x64.ActiveCfg = Debug|x64
		{7F0FE927-ADE6-45C4-8B9A-826CD6AC8851}.Debug|x64.Build.0 = Debug|x64
		{7F0FE927-ADE6-45C4-8B9A-826CD6AC8851}.Debug|x86.ActiveCfg = Debug|Win32
		{7F0FE927-ADE6-45C4-8B9A-826CD6AC8851}.Debug|x86.Build.0 = Debug|Win32
		{7F0FE927-ADE6-45C4-8B9A-826CD6AC8851}.Release|x64.ActiveCfg = Release|x64
		{7F0FE927-ADE6-45C4-8B9A-826CD6AC8851}.Release|x64.Build.0 = Release|x64
		{7F0FE927-ADE6-45C4-8B9A-826CD6AC8851}.Release|x86.ActiveCfg = Release|Win32
		{7F0FE927-ADE6-45C4-8B9A-826CD6AC8851}.Release|x86.Build.0 = Release|Win32
		{966146FB-96F0-4C30-BE53-DB1015333131}.Debug|x64.ActiveCfg = Debug|x64
		{966146FB-96F0-4C30-BE53-DB1015333131}.Debug|x64.Build.0 = Debug|x64
		{966146FB-96F0-4C30-BE53-DB1015333131}.Debug|x86.ActiveCfg = Debug|Win32
		{966146FB-96F0-4C30-BE53-DB1015333131}.Debug|x86.Build.0 = Debug|Win32
		{966146FB-96F0-4C30-BE53-DB1015333131}.Release|x64.ActiveCfg = Release|x64
		{966146FB-96F0-4C30-BE53-DB1015333131}.Release|x64.Build.0 = Release|x64
		{966146FB-96F0-4C30-BE53-DB1015333131}.Release|x86.ActiveCfg = Release|Win32
		{966146FB-96F0-4C30-BE53-DB1015333131}.Release|x86.Build.0 = Release|Win32
		{18CBE4EA-53F9-4227-ADEA-666D698AB0F0}.Debug|x64.ActiveCfg = Debug|x64
		{18CBE4EA-53F9-4227-ADEA-666D698AB0F0}.Debug|x64.Build.0 = Debug|x64
		{18CBE4EA-53F9-4227-ADEA-666D698AB0F0}.Debug|x86.ActiveCfg = Debug|Win32
		{18CBE4EA-53F9-4227-ADEA-666D698AB0F0}.Debug|x86.Build.0 = Debug|Win32
		{18CBE4EA-53F9-4227-ADEA-666D698AB0F0}.Release|x64.ActiveCfg = Release|x64
		{18CBE4EA-53F9-4227-ADEA-666D698AB0F0}.Release|x64.Build.0 = Release|x64
		{18CBE4EA-53F9-4227-ADEA-666D698AB0F0}.Release|x86.ActiveCfg = Release|Win32
		{18CBE4EA-53F9-4227-ADEA-666D698AB0F0}.Release|x86.Build.0 = Release|Win32
		{63A28C8D-4BBA-4AEE-B187-C056E37FF425}.Debug|x64.ActiveCfg = Debug|x64
		{63A28C8D-4BBA-4AEE-B187-C056E37FF425}.Debug|x64.Build.0 = Debug|x64
		{63A28C8D-4BBA-4AEE-B187-C056E37FF425}.Debug|x86.ActiveCfg = Debug|Win32
		{63A28C8D-4BBA-4AEE-B187-C056E37FF425}.Debug|x86.Build.0 = Debug|Win32
		{63A28C8D-4BBA-4AEE-B187-C056E37FF425}.Release|x64.ActiveCfg = Release|x64
		{63A28C8D-4BBA-4AEE-B187-C056E37FF425}.Release|x64.Build.0 = Release|x64
		{63A28C8D-4BBA-4AEE-B187-C056E37FF425}.Release|x86.ActiveCfg = Release|Win32
		{63A28C8D-4BBA-4AEE-B187-C056E37FF425}.Release|x86.Build.0 = Release|Win32
		{C6C8048B-E7BF-468A-A7EB-8E06F5D52977}.Debug|x64.ActiveCfg = Debug|x64
		{C6C8048B-E7BF-468A-A7EB-8E06F5D52977}.Debug|x64.Build.0 = Debug|x64
		{C6C8048B-E7BF-468A-A7EB-8E06F5D52977}.Debug|x86.ActiveCfg = Debug|Win32
		{C6C8048B-E7BF-468A-A7EB-8E06F5D52977}.Debug|x86.Build.0 = Debug|Win32
		{C6C8048B-E7BF-468A-A7EB-8E06F5D52977}.Release|x64.ActiveCfg = Release|x64
		{C6C8048B-E7BF-468A-A7EB-8E06F5D52977}.Release|x64.Build.0 = Release|x64
		{C6C8048B-E7BF-468A-A7EB-8E06F5D52977}.Release|x86.ActiveCfg = Release|Win32
		{C6C8048B-E7BF-468A-A7EB-8E06F5D52977}.Release|x86.Build.0 = Release|Win32
	EndGlobalSection
	GlobalSection(SolutionProperties) = preSolution
		HideSolutionNode = FALSE
	EndGlobalSection
EndGlobal
