
Microsoft Visual Studio Solution File, Format Version 12.00
# Visual Studio Version 17
VisualStudioVersion = 17.12.35527.113
MinimumVisualStudioVersion = 10.0.40219.1
Project("{8BC9CEB8-8B4A-11D0-8D11-00A0C91BC942}") = "0500约瑟夫问题NO.2", "0500约瑟夫问题NO.2\0500约瑟夫问题NO.2.vcxproj", "{1CC51A7C-87DE-4AD6-B128-181E2753A080}"
EndProject
Project("{8BC9CEB8-8B4A-11D0-8D11-00A0C91BC942}") = "queue", "queue\queue.vcxproj", "{727B0345-72AE-4885-9862-6DBB5B064ECB}"
EndProject
Project("{8BC9CEB8-8B4A-11D0-8D11-00A0C91BC942}") = "0500排队打饭", "0500排队打饭\0500排队打饭.vcxproj", "{B60A6BD2-0A9D-4A5B-90F2-3018F951797A}"
EndProject
Project("{8BC9CEB8-8B4A-11D0-8D11-00A0C91BC942}") = "stack", "stack\stack.vcxproj", "{801758CF-CB73-42A5-B429-D4B91574C07F}"
EndProject
Project("{8BC9CEB8-8B4A-11D0-8D11-00A0C91BC942}") = "0501编排字符串", "0501编排字符串\0501编排字符串.vcxproj", "{E5048D98-51CC-419C-B9D8-2CE5DE3FEB7F}"
EndProject
Project("{8BC9CEB8-8B4A-11D0-8D11-00A0C91BC942}") = "0502括号匹配", "0502括号匹配\0502括号匹配.vcxproj", "{E8750F8E-9DB1-4505-BF38-F1F84B22C0EA}"
EndProject
Project("{8BC9CEB8-8B4A-11D0-8D11-00A0C91BC942}") = "0503计算表达式", "0503计算表达式\0503计算表达式.vcxproj", "{FBAABEAF-5DB8-4A5D-A654-248ED973B808}"
EndProject
Project("{8BC9CEB8-8B4A-11D0-8D11-00A0C91BC942}") = "0501堆栈的使用", "0501堆栈的使用\0501堆栈的使用.vcxproj", "{7B65674F-4036-4226-B73E-8BBC10A16A91}"
EndProject
Project("{8BC9CEB8-8B4A-11D0-8D11-00A0C91BC942}") = "0502模拟出入栈游戏", "0502模拟出入栈游戏\0502模拟出入栈游戏.vcxproj", "{511BF8CB-86E0-4049-B223-FADF201F1170}"
EndProject
Project("{8BC9CEB8-8B4A-11D0-8D11-00A0C91BC942}") = "0503简单计算器", "0503简单计算器\0503简单计算器.vcxproj", "{EB5B5425-0CFB-4063-943F-05A8431FCEA5}"
EndProject
Global
	GlobalSection(SolutionConfigurationPlatforms) = preSolution
		Debug|x64 = Debug|x64
		Debug|x86 = Debug|x86
		Release|x64 = Release|x64
		Release|x86 = Release|x86
	EndGlobalSection
	GlobalSection(ProjectConfigurationPlatforms) = postSolution
		{1CC51A7C-87DE-4AD6-B128-181E2753A080}.Debug|x64.ActiveCfg = Debug|x64
		{1CC51A7C-87DE-4AD6-B128-181E2753A080}.Debug|x64.Build.0 = Debug|x64
		{1CC51A7C-87DE-4AD6-B128-181E2753A080}.Debug|x86.ActiveCfg = Debug|Win32
		{1CC51A7C-87DE-4AD6-B128-181E2753A080}.Debug|x86.Build.0 = Debug|Win32
		{1CC51A7C-87DE-4AD6-B128-181E2753A080}.Release|x64.ActiveCfg = Release|x64
		{1CC51A7C-87DE-4AD6-B128-181E2753A080}.Release|x64.Build.0 = Release|x64
		{1CC51A7C-87DE-4AD6-B128-181E2753A080}.Release|x86.ActiveCfg = Release|Win32
		{1CC51A7C-87DE-4AD6-B128-181E2753A080}.Release|x86.Build.0 = Release|Win32
		{727B0345-72AE-4885-9862-6DBB5B064ECB}.Debug|x64.ActiveCfg = Debug|x64
		{727B0345-72AE-4885-9862-6DBB5B064ECB}.Debug|x64.Build.0 = Debug|x64
		{727B0345-72AE-4885-9862-6DBB5B064ECB}.Debug|x86.ActiveCfg = Debug|Win32
		{727B0345-72AE-4885-9862-6DBB5B064ECB}.Debug|x86.Build.0 = Debug|Win32
		{727B0345-72AE-4885-9862-6DBB5B064ECB}.Release|x64.ActiveCfg = Release|x64
		{727B0345-72AE-4885-9862-6DBB5B064ECB}.Release|x64.Build.0 = Release|x64
		{727B0345-72AE-4885-9862-6DBB5B064ECB}.Release|x86.ActiveCfg = Release|Win32
		{727B0345-72AE-4885-9862-6DBB5B064ECB}.Release|x86.Build.0 = Release|Win32
		{B60A6BD2-0A9D-4A5B-90F2-3018F951797A}.Debug|x64.ActiveCfg = Debug|x64
		{B60A6BD2-0A9D-4A5B-90F2-3018F951797A}.Debug|x64.Build.0 = Debug|x64
		{B60A6BD2-0A9D-4A5B-90F2-3018F951797A}.Debug|x86.ActiveCfg = Debug|Win32
		{B60A6BD2-0A9D-4A5B-90F2-3018F951797A}.Debug|x86.Build.0 = Debug|Win32
		{B60A6BD2-0A9D-4A5B-90F2-3018F951797A}.Release|x64.ActiveCfg = Release|x64
		{B60A6BD2-0A9D-4A5B-90F2-3018F951797A}.Release|x64.Build.0 = Release|x64
		{B60A6BD2-0A9D-4A5B-90F2-3018F951797A}.Release|x86.ActiveCfg = Release|Win32
		{B60A6BD2-0A9D-4A5B-90F2-3018F951797A}.Release|x86.Build.0 = Release|Win32
		{801758CF-CB73-42A5-B429-D4B91574C07F}.Debug|x64.ActiveCfg = Debug|x64
		{801758CF-CB73-42A5-B429-D4B91574C07F}.Debug|x64.Build.0 = Debug|x64
		{801758CF-CB73-42A5-B429-D4B91574C07F}.Debug|x86.ActiveCfg = Debug|Win32
		{801758CF-CB73-42A5-B429-D4B91574C07F}.Debug|x86.Build.0 = Debug|Win32
		{801758CF-CB73-42A5-B429-D4B91574C07F}.Release|x64.ActiveCfg = Release|x64
		{801758CF-CB73-42A5-B429-D4B91574C07F}.Release|x64.Build.0 = Release|x64
		{801758CF-CB73-42A5-B429-D4B91574C07F}.Release|x86.ActiveCfg = Release|Win32
		{801758CF-CB73-42A5-B429-D4B91574C07F}.Release|x86.Build.0 = Release|Win32
		{E5048D98-51CC-419C-B9D8-2CE5DE3FEB7F}.Debug|x64.ActiveCfg = Debug|x64
		{E5048D98-51CC-419C-B9D8-2CE5DE3FEB7F}.Debug|x64.Build.0 = Debug|x64
		{E5048D98-51CC-419C-B9D8-2CE5DE3FEB7F}.Debug|x86.ActiveCfg = Debug|Win32
		{E5048D98-51CC-419C-B9D8-2CE5DE3FEB7F}.Debug|x86.Build.0 = Debug|Win32
		{E5048D98-51CC-419C-B9D8-2CE5DE3FEB7F}.Release|x64.ActiveCfg = Release|x64
		{E5048D98-51CC-419C-B9D8-2CE5DE3FEB7F}.Release|x64.Build.0 = Release|x64
		{E5048D98-51CC-419C-B9D8-2CE5DE3FEB7F}.Release|x86.ActiveCfg = Release|Win32
		{E5048D98-51CC-419C-B9D8-2CE5DE3FEB7F}.Release|x86.Build.0 = Release|Win32
		{E8750F8E-9DB1-4505-BF38-F1F84B22C0EA}.Debug|x64.ActiveCfg = Debug|x64
		{E8750F8E-9DB1-4505-BF38-F1F84B22C0EA}.Debug|x64.Build.0 = Debug|x64
		{E8750F8E-9DB1-4505-BF38-F1F84B22C0EA}.Debug|x86.ActiveCfg = Debug|Win32
		{E8750F8E-9DB1-4505-BF38-F1F84B22C0EA}.Debug|x86.Build.0 = Debug|Win32
		{E8750F8E-9DB1-4505-BF38-F1F84B22C0EA}.Release|x64.ActiveCfg = Release|x64
		{E8750F8E-9DB1-4505-BF38-F1F84B22C0EA}.Release|x64.Build.0 = Release|x64
		{E8750F8E-9DB1-4505-BF38-F1F84B22C0EA}.Release|x86.ActiveCfg = Release|Win32
		{E8750F8E-9DB1-4505-BF38-F1F84B22C0EA}.Release|x86.Build.0 = Release|Win32
		{FBAABEAF-5DB8-4A5D-A654-248ED973B808}.Debug|x64.ActiveCfg = Debug|x64
		{FBAABEAF-5DB8-4A5D-A654-248ED973B808}.Debug|x64.Build.0 = Debug|x64
		{FBAABEAF-5DB8-4A5D-A654-248ED973B808}.Debug|x86.ActiveCfg = Debug|Win32
		{FBAABEAF-5DB8-4A5D-A654-248ED973B808}.Debug|x86.Build.0 = Debug|Win32
		{FBAABEAF-5DB8-4A5D-A654-248ED973B808}.Release|x64.ActiveCfg = Release|x64
		{FBAABEAF-5DB8-4A5D-A654-248ED973B808}.Release|x64.Build.0 = Release|x64
		{FBAABEAF-5DB8-4A5D-A654-248ED973B808}.Release|x86.ActiveCfg = Release|Win32
		{FBAABEAF-5DB8-4A5D-A654-248ED973B808}.Release|x86.Build.0 = Release|Win32
		{7B65674F-4036-4226-B73E-8BBC10A16A91}.Debug|x64.ActiveCfg = Debug|x64
		{7B65674F-4036-4226-B73E-8BBC10A16A91}.Debug|x64.Build.0 = Debug|x64
		{7B65674F-4036-4226-B73E-8BBC10A16A91}.Debug|x86.ActiveCfg = Debug|Win32
		{7B65674F-4036-4226-B73E-8BBC10A16A91}.Debug|x86.Build.0 = Debug|Win32
		{7B65674F-4036-4226-B73E-8BBC10A16A91}.Release|x64.ActiveCfg = Release|x64
		{7B65674F-4036-4226-B73E-8BBC10A16A91}.Release|x64.Build.0 = Release|x64
		{7B65674F-4036-4226-B73E-8BBC10A16A91}.Release|x86.ActiveCfg = Release|Win32
		{7B65674F-4036-4226-B73E-8BBC10A16A91}.Release|x86.Build.0 = Release|Win32
		{511BF8CB-86E0-4049-B223-FADF201F1170}.Debug|x64.ActiveCfg = Debug|x64
		{511BF8CB-86E0-4049-B223-FADF201F1170}.Debug|x64.Build.0 = Debug|x64
		{511BF8CB-86E0-4049-B223-FADF201F1170}.Debug|x86.ActiveCfg = Debug|Win32
		{511BF8CB-86E0-4049-B223-FADF201F1170}.Debug|x86.Build.0 = Debug|Win32
		{511BF8CB-86E0-4049-B223-FADF201F1170}.Release|x64.ActiveCfg = Release|x64
		{511BF8CB-86E0-4049-B223-FADF201F1170}.Release|x64.Build.0 = Release|x64
		{511BF8CB-86E0-4049-B223-FADF201F1170}.Release|x86.ActiveCfg = Release|Win32
		{511BF8CB-86E0-4049-B223-FADF201F1170}.Release|x86.Build.0 = Release|Win32
		{EB5B5425-0CFB-4063-943F-05A8431FCEA5}.Debug|x64.ActiveCfg = Debug|x64
		{EB5B5425-0CFB-4063-943F-05A8431FCEA5}.Debug|x64.Build.0 = Debug|x64
		{EB5B5425-0CFB-4063-943F-05A8431FCEA5}.Debug|x86.ActiveCfg = Debug|Win32
		{EB5B5425-0CFB-4063-943F-05A8431FCEA5}.Debug|x86.Build.0 = Debug|Win32
		{EB5B5425-0CFB-4063-943F-05A8431FCEA5}.Release|x64.ActiveCfg = Release|x64
		{EB5B5425-0CFB-4063-943F-05A8431FCEA5}.Release|x64.Build.0 = Release|x64
		{EB5B5425-0CFB-4063-943F-05A8431FCEA5}.Release|x86.ActiveCfg = Release|Win32
		{EB5B5425-0CFB-4063-943F-05A8431FCEA5}.Release|x86.Build.0 = Release|Win32
	EndGlobalSection
	GlobalSection(SolutionProperties) = preSolution
		HideSolutionNode = FALSE
	EndGlobalSection
EndGlobal
