
Microsoft Visual Studio Solution File, Format Version 12.00
# Visual Studio Version 17
VisualStudioVersion = 17.12.35527.113
MinimumVisualStudioVersion = 10.0.40219.1
Project("{8BC9CEB8-8B4A-11D0-8D11-00A0C91BC942}") = "0600跳台阶", "0600跳台阶\0600跳台阶.vcxproj", "{F0DFD5C7-77A8-4FDE-B8D5-78E264D9DE1B}"
EndProject
Project("{8BC9CEB8-8B4A-11D0-8D11-00A0C91BC942}") = "递归和分治", "递归和分治\递归和分治.vcxproj", "{E833EA48-F796-4D47-A085-6D01AA7E18BE}"
EndProject
Project("{8BC9CEB8-8B4A-11D0-8D11-00A0C91BC942}") = "0601不连续1的子串", "0601不连续1的子串\0601不连续1的子串.vcxproj", "{257C1BEB-2E3F-49B0-90C5-AFAF84B357BF}"
EndProject
Project("{8BC9CEB8-8B4A-11D0-8D11-00A0C91BC942}") = "06022的幂次方", "06022的幂次方\06022的幂次方.vcxproj", "{1FC6AEDE-3889-4ECD-A5B3-C6195F56E722}"
EndProject
Project("{8BC9CEB8-8B4A-11D0-8D11-00A0C91BC942}") = "0600Fibonacci", "0600Fibonacci\0600Fibonacci.vcxproj", "{75AEE731-8907-487F-8C77-D60C3D4E0CC0}"
EndProject
Project("{8BC9CEB8-8B4A-11D0-8D11-00A0C91BC942}") = "0601骨牌", "0601骨牌\0601骨牌.vcxproj", "{EBB049C6-17F7-429C-AB8D-A8BE68B1DFFB}"
EndProject
Project("{8BC9CEB8-8B4A-11D0-8D11-00A0C91BC942}") = "0602矩阵幂", "0602矩阵幂\0602矩阵幂.vcxproj", "{E94AE62E-E319-4BFE-8BCF-AFCFA916CA8A}"
EndProject
Project("{8BC9CEB8-8B4A-11D0-8D11-00A0C91BC942}") = "0603全排列", "0603全排列\0603全排列.vcxproj", "{571FA2EE-7EA6-4698-8191-B7AFB7001B7E}"
EndProject
Global
	GlobalSection(SolutionConfigurationPlatforms) = preSolution
		Debug|x64 = Debug|x64
		Debug|x86 = Debug|x86
		Release|x64 = Release|x64
		Release|x86 = Release|x86
	EndGlobalSection
	GlobalSection(ProjectConfigurationPlatforms) = postSolution
		{F0DFD5C7-77A8-4FDE-B8D5-78E264D9DE1B}.Debug|x64.ActiveCfg = Debug|x64
		{F0DFD5C7-77A8-4FDE-B8D5-78E264D9DE1B}.Debug|x64.Build.0 = Debug|x64
		{F0DFD5C7-77A8-4FDE-B8D5-78E264D9DE1B}.Debug|x86.ActiveCfg = Debug|Win32
		{F0DFD5C7-77A8-4FDE-B8D5-78E264D9DE1B}.Debug|x86.Build.0 = Debug|Win32
		{F0DFD5C7-77A8-4FDE-B8D5-78E264D9DE1B}.Release|x64.ActiveCfg = Release|x64
		{F0DFD5C7-77A8-4FDE-B8D5-78E264D9DE1B}.Release|x64.Build.0 = Release|x64
		{F0DFD5C7-77A8-4FDE-B8D5-78E264D9DE1B}.Release|x86.ActiveCfg = Release|Win32
		{F0DFD5C7-77A8-4FDE-B8D5-78E264D9DE1B}.Release|x86.Build.0 = Release|Win32
		{E833EA48-F796-4D47-A085-6D01AA7E18BE}.Debug|x64.ActiveCfg = Debug|x64
		{E833EA48-F796-4D47-A085-6D01AA7E18BE}.Debug|x64.Build.0 = Debug|x64
		{E833EA48-F796-4D47-A085-6D01AA7E18BE}.Debug|x86.ActiveCfg = Debug|Win32
		{E833EA48-F796-4D47-A085-6D01AA7E18BE}.Debug|x86.Build.0 = Debug|Win32
		{E833EA48-F796-4D47-A085-6D01AA7E18BE}.Release|x64.ActiveCfg = Release|x64
		{E833EA48-F796-4D47-A085-6D01AA7E18BE}.Release|x64.Build.0 = Release|x64
		{E833EA48-F796-4D47-A085-6D01AA7E18BE}.Release|x86.ActiveCfg = Release|Win32
		{E833EA48-F796-4D47-A085-6D01AA7E18BE}.Release|x86.Build.0 = Release|Win32
		{257C1BEB-2E3F-49B0-90C5-AFAF84B357BF}.Debug|x64.ActiveCfg = Debug|x64
		{257C1BEB-2E3F-49B0-90C5-AFAF84B357BF}.Debug|x64.Build.0 = Debug|x64
		{257C1BEB-2E3F-49B0-90C5-AFAF84B357BF}.Debug|x86.ActiveCfg = Debug|Win32
		{257C1BEB-2E3F-49B0-90C5-AFAF84B357BF}.Debug|x86.Build.0 = Debug|Win32
		{257C1BEB-2E3F-49B0-90C5-AFAF84B357BF}.Release|x64.ActiveCfg = Release|x64
		{257C1BEB-2E3F-49B0-90C5-AFAF84B357BF}.Release|x64.Build.0 = Release|x64
		{257C1BEB-2E3F-49B0-90C5-AFAF84B357BF}.Release|x86.ActiveCfg = Release|Win32
		{257C1BEB-2E3F-49B0-90C5-AFAF84B357BF}.Release|x86.Build.0 = Release|Win32
		{1FC6AEDE-3889-4ECD-A5B3-C6195F56E722}.Debug|x64.ActiveCfg = Debug|x64
		{1FC6AEDE-3889-4ECD-A5B3-C6195F56E722}.Debug|x64.Build.0 = Debug|x64
		{1FC6AEDE-3889-4ECD-A5B3-C6195F56E722}.Debug|x86.ActiveCfg = Debug|Win32
		{1FC6AEDE-3889-4ECD-A5B3-C6195F56E722}.Debug|x86.Build.0 = Debug|Win32
		{1FC6AEDE-3889-4ECD-A5B3-C6195F56E722}.Release|x64.ActiveCfg = Release|x64
		{1FC6AEDE-3889-4ECD-A5B3-C6195F56E722}.Release|x64.Build.0 = Release|x64
		{1FC6AEDE-3889-4ECD-A5B3-C6195F56E722}.Release|x86.ActiveCfg = Release|Win32
		{1FC6AEDE-3889-4ECD-A5B3-C6195F56E722}.Release|x86.Build.0 = Release|Win32
		{75AEE731-8907-487F-8C77-D60C3D4E0CC0}.Debug|x64.ActiveCfg = Debug|x64
		{75AEE731-8907-487F-8C77-D60C3D4E0CC0}.Debug|x64.Build.0 = Debug|x64
		{75AEE731-8907-487F-8C77-D60C3D4E0CC0}.Debug|x86.ActiveCfg = Debug|Win32
		{75AEE731-8907-487F-8C77-D60C3D4E0CC0}.Debug|x86.Build.0 = Debug|Win32
		{75AEE731-8907-487F-8C77-D60C3D4E0CC0}.Release|x64.ActiveCfg = Release|x64
		{75AEE731-8907-487F-8C77-D60C3D4E0CC0}.Release|x64.Build.0 = Release|x64
		{75AEE731-8907-487F-8C77-D60C3D4E0CC0}.Release|x86.ActiveCfg = Release|Win32
		{75AEE731-8907-487F-8C77-D60C3D4E0CC0}.Release|x86.Build.0 = Release|Win32
		{EBB049C6-17F7-429C-AB8D-A8BE68B1DFFB}.Debug|x64.ActiveCfg = Debug|x64
		{EBB049C6-17F7-429C-AB8D-A8BE68B1DFFB}.Debug|x64.Build.0 = Debug|x64
		{EBB049C6-17F7-429C-AB8D-A8BE68B1DFFB}.Debug|x86.ActiveCfg = Debug|Win32
		{EBB049C6-17F7-429C-AB8D-A8BE68B1DFFB}.Debug|x86.Build.0 = Debug|Win32
		{EBB049C6-17F7-429C-AB8D-A8BE68B1DFFB}.Release|x64.ActiveCfg = Release|x64
		{EBB049C6-17F7-429C-AB8D-A8BE68B1DFFB}.Release|x64.Build.0 = Release|x64
		{EBB049C6-17F7-429C-AB8D-A8BE68B1DFFB}.Release|x86.ActiveCfg = Release|Win32
		{EBB049C6-17F7-429C-AB8D-A8BE68B1DFFB}.Release|x86.Build.0 = Release|Win32
		{E94AE62E-E319-4BFE-8BCF-AFCFA916CA8A}.Debug|x64.ActiveCfg = Debug|x64
		{E94AE62E-E319-4BFE-8BCF-AFCFA916CA8A}.Debug|x64.Build.0 = Debug|x64
		{E94AE62E-E319-4BFE-8BCF-AFCFA916CA8A}.Debug|x86.ActiveCfg = Debug|Win32
		{E94AE62E-E319-4BFE-8BCF-AFCFA916CA8A}.Debug|x86.Build.0 = Debug|Win32
		{E94AE62E-E319-4BFE-8BCF-AFCFA916CA8A}.Release|x64.ActiveCfg = Release|x64
		{E94AE62E-E319-4BFE-8BCF-AFCFA916CA8A}.Release|x64.Build.0 = Release|x64
		{E94AE62E-E319-4BFE-8BCF-AFCFA916CA8A}.Release|x86.ActiveCfg = Release|Win32
		{E94AE62E-E319-4BFE-8BCF-AFCFA916CA8A}.Release|x86.Build.0 = Release|Win32
		{571FA2EE-7EA6-4698-8191-B7AFB7001B7E}.Debug|x64.ActiveCfg = Debug|x64
		{571FA2EE-7EA6-4698-8191-B7AFB7001B7E}.Debug|x64.Build.0 = Debug|x64
		{571FA2EE-7EA6-4698-8191-B7AFB7001B7E}.Debug|x86.ActiveCfg = Debug|Win32
		{571FA2EE-7EA6-4698-8191-B7AFB7001B7E}.Debug|x86.Build.0 = Debug|Win32
		{571FA2EE-7EA6-4698-8191-B7AFB7001B7E}.Release|x64.ActiveCfg = Release|x64
		{571FA2EE-7EA6-4698-8191-B7AFB7001B7E}.Release|x64.Build.0 = Release|x64
		{571FA2EE-7EA6-4698-8191-B7AFB7001B7E}.Release|x86.ActiveCfg = Release|Win32
		{571FA2EE-7EA6-4698-8191-B7AFB7001B7E}.Release|x86.Build.0 = Release|Win32
	EndGlobalSection
	GlobalSection(SolutionProperties) = preSolution
		HideSolutionNode = FALSE
	EndGlobalSection
EndGlobal
