
Microsoft Visual Studio Solution File, Format Version 12.00
# Visual Studio Version 17
VisualStudioVersion = 17.12.35527.113
MinimumVisualStudioVersion = 10.0.40219.1
Project("{8BC9CEB8-8B4A-11D0-8D11-00A0C91BC942}") = "sort", "sort\sort.vcxproj", "{B23A1C27-9DD2-46A7-BE29-3DAB6D0220E2}"
EndProject
Project("{8BC9CEB8-8B4A-11D0-8D11-00A0C91BC942}") = "0300整数奇偶排序", "0300整数奇偶排序\0300整数奇偶排序.vcxproj", "{D66C8BEC-8C3F-4308-9E76-CCDEA2B15A6F}"
EndProject
Project("{8BC9CEB8-8B4A-11D0-8D11-00A0C91BC942}") = "0301成绩排序2", "0301成绩排序2\0301成绩排序2.vcxproj", "{4D147E80-AC38-42B8-9544-7822326B2E4A}"
EndProject
Project("{8BC9CEB8-8B4A-11D0-8D11-00A0C91BC942}") = "0302成绩排序", "0302成绩排序\0302成绩排序.vcxproj", "{B1D3D8E3-7E10-426C-821C-B8422544A8CD}"
EndProject
Project("{8BC9CEB8-8B4A-11D0-8D11-00A0C91BC942}") = "0300特殊排序", "0300特殊排序\0300特殊排序.vcxproj", "{769F43B0-7D45-43F8-9A07-C3E58197DB0B}"
EndProject
Project("{8BC9CEB8-8B4A-11D0-8D11-00A0C91BC942}") = "0301小白鼠排队", "0301小白鼠排队\0301小白鼠排队.vcxproj", "{84BF8376-BE7F-487D-BAD4-1D5EFB8F45EF}"
EndProject
Project("{8BC9CEB8-8B4A-11D0-8D11-00A0C91BC942}") = "0302奥运排序", "0302奥运排序\0302奥运排序.vcxproj", "{533A6A47-1DAE-4E7F-8D14-532CFAC68428}"
EndProject
Project("{8BC9CEB8-8B4A-11D0-8D11-00A0C91BC942}") = "0303找x", "0303找x\0303找x.vcxproj", "{F6C0E70E-B3FF-48E1-B645-4BC3B9E5B279}"
EndProject
Project("{8BC9CEB8-8B4A-11D0-8D11-00A0C91BC942}") = "0304查找", "0304查找\0304查找.vcxproj", "{FE741DD9-9DC6-42C5-A4C5-5781A4968102}"
EndProject
Project("{8BC9CEB8-8B4A-11D0-8D11-00A0C91BC942}") = "0305找位置", "0305找位置\0305找位置.vcxproj", "{076320BC-4404-4640-BE81-BA2EC82B2CA0}"
EndProject
Project("{8BC9CEB8-8B4A-11D0-8D11-00A0C91BC942}") = "0303找最小数", "0303找最小数\0303找最小数.vcxproj", "{672BFD17-4A6C-4BB6-AD76-79223E709030}"
EndProject
Project("{8BC9CEB8-8B4A-11D0-8D11-00A0C91BC942}") = "0304打印极值点下标", "0304打印极值点下表\0304打印极值点下表.vcxproj", "{6B53E002-0CFE-4305-8782-24CDD66F20B4}"
EndProject
Project("{8BC9CEB8-8B4A-11D0-8D11-00A0C91BC942}") = "0305差分计数", "0305差分计数\0305差分计数.vcxproj", "{302BEC90-A53B-41BF-8811-8AE25C963A01}"
EndProject
Global
	GlobalSection(SolutionConfigurationPlatforms) = preSolution
		Debug|x64 = Debug|x64
		Debug|x86 = Debug|x86
		Release|x64 = Release|x64
		Release|x86 = Release|x86
	EndGlobalSection
	GlobalSection(ProjectConfigurationPlatforms) = postSolution
		{B23A1C27-9DD2-46A7-BE29-3DAB6D0220E2}.Debug|x64.ActiveCfg = Debug|x64
		{B23A1C27-9DD2-46A7-BE29-3DAB6D0220E2}.Debug|x64.Build.0 = Debug|x64
		{B23A1C27-9DD2-46A7-BE29-3DAB6D0220E2}.Debug|x86.ActiveCfg = Debug|Win32
		{B23A1C27-9DD2-46A7-BE29-3DAB6D0220E2}.Debug|x86.Build.0 = Debug|Win32
		{B23A1C27-9DD2-46A7-BE29-3DAB6D0220E2}.Release|x64.ActiveCfg = Release|x64
		{B23A1C27-9DD2-46A7-BE29-3DAB6D0220E2}.Release|x64.Build.0 = Release|x64
		{B23A1C27-9DD2-46A7-BE29-3DAB6D0220E2}.Release|x86.ActiveCfg = Release|Win32
		{B23A1C27-9DD2-46A7-BE29-3DAB6D0220E2}.Release|x86.Build.0 = Release|Win32
		{D66C8BEC-8C3F-4308-9E76-CCDEA2B15A6F}.Debug|x64.ActiveCfg = Debug|x64
		{D66C8BEC-8C3F-4308-9E76-CCDEA2B15A6F}.Debug|x64.Build.0 = Debug|x64
		{D66C8BEC-8C3F-4308-9E76-CCDEA2B15A6F}.Debug|x86.ActiveCfg = Debug|Win32
		{D66C8BEC-8C3F-4308-9E76-CCDEA2B15A6F}.Debug|x86.Build.0 = Debug|Win32
		{D66C8BEC-8C3F-4308-9E76-CCDEA2B15A6F}.Release|x64.ActiveCfg = Release|x64
		{D66C8BEC-8C3F-4308-9E76-CCDEA2B15A6F}.Release|x64.Build.0 = Release|x64
		{D66C8BEC-8C3F-4308-9E76-CCDEA2B15A6F}.Release|x86.ActiveCfg = Release|Win32
		{D66C8BEC-8C3F-4308-9E76-CCDEA2B15A6F}.Release|x86.Build.0 = Release|Win32
		{4D147E80-AC38-42B8-9544-7822326B2E4A}.Debug|x64.ActiveCfg = Debug|x64
		{4D147E80-AC38-42B8-9544-7822326B2E4A}.Debug|x64.Build.0 = Debug|x64
		{4D147E80-AC38-42B8-9544-7822326B2E4A}.Debug|x86.ActiveCfg = Debug|Win32
		{4D147E80-AC38-42B8-9544-7822326B2E4A}.Debug|x86.Build.0 = Debug|Win32
		{4D147E80-AC38-42B8-9544-7822326B2E4A}.Release|x64.ActiveCfg = Release|x64
		{4D147E80-AC38-42B8-9544-7822326B2E4A}.Release|x64.Build.0 = Release|x64
		{4D147E80-AC38-42B8-9544-7822326B2E4A}.Release|x86.ActiveCfg = Release|Win32
		{4D147E80-AC38-42B8-9544-7822326B2E4A}.Release|x86.Build.0 = Release|Win32
		{B1D3D8E3-7E10-426C-821C-B8422544A8CD}.Debug|x64.ActiveCfg = Debug|x64
		{B1D3D8E3-7E10-426C-821C-B8422544A8CD}.Debug|x64.Build.0 = Debug|x64
		{B1D3D8E3-7E10-426C-821C-B8422544A8CD}.Debug|x86.ActiveCfg = Debug|Win32
		{B1D3D8E3-7E10-426C-821C-B8422544A8CD}.Debug|x86.Build.0 = Debug|Win32
		{B1D3D8E3-7E10-426C-821C-B8422544A8CD}.Release|x64.ActiveCfg = Release|x64
		{B1D3D8E3-7E10-426C-821C-B8422544A8CD}.Release|x64.Build.0 = Release|x64
		{B1D3D8E3-7E10-426C-821C-B8422544A8CD}.Release|x86.ActiveCfg = Release|Win32
		{B1D3D8E3-7E10-426C-821C-B8422544A8CD}.Release|x86.Build.0 = Release|Win32
		{769F43B0-7D45-43F8-9A07-C3E58197DB0B}.Debug|x64.ActiveCfg = Debug|x64
		{769F43B0-7D45-43F8-9A07-C3E58197DB0B}.Debug|x64.Build.0 = Debug|x64
		{769F43B0-7D45-43F8-9A07-C3E58197DB0B}.Debug|x86.ActiveCfg = Debug|Win32
		{769F43B0-7D45-43F8-9A07-C3E58197DB0B}.Debug|x86.Build.0 = Debug|Win32
		{769F43B0-7D45-43F8-9A07-C3E58197DB0B}.Release|x64.ActiveCfg = Release|x64
		{769F43B0-7D45-43F8-9A07-C3E58197DB0B}.Release|x64.Build.0 = Release|x64
		{769F43B0-7D45-43F8-9A07-C3E58197DB0B}.Release|x86.ActiveCfg = Release|Win32
		{769F43B0-7D45-43F8-9A07-C3E58197DB0B}.Release|x86.Build.0 = Release|Win32
		{84BF8376-BE7F-487D-BAD4-1D5EFB8F45EF}.Debug|x64.ActiveCfg = Debug|x64
		{84BF8376-BE7F-487D-BAD4-1D5EFB8F45EF}.Debug|x64.Build.0 = Debug|x64
		{84BF8376-BE7F-487D-BAD4-1D5EFB8F45EF}.Debug|x86.ActiveCfg = Debug|Win32
		{84BF8376-BE7F-487D-BAD4-1D5EFB8F45EF}.Debug|x86.Build.0 = Debug|Win32
		{84BF8376-BE7F-487D-BAD4-1D5EFB8F45EF}.Release|x64.ActiveCfg = Release|x64
		{84BF8376-BE7F-487D-BAD4-1D5EFB8F45EF}.Release|x64.Build.0 = Release|x64
		{84BF8376-BE7F-487D-BAD4-1D5EFB8F45EF}.Release|x86.ActiveCfg = Release|Win32
		{84BF8376-BE7F-487D-BAD4-1D5EFB8F45EF}.Release|x86.Build.0 = Release|Win32
		{533A6A47-1DAE-4E7F-8D14-532CFAC68428}.Debug|x64.ActiveCfg = Debug|x64
		{533A6A47-1DAE-4E7F-8D14-532CFAC68428}.Debug|x64.Build.0 = Debug|x64
		{533A6A47-1DAE-4E7F-8D14-532CFAC68428}.Debug|x86.ActiveCfg = Debug|Win32
		{533A6A47-1DAE-4E7F-8D14-532CFAC68428}.Debug|x86.Build.0 = Debug|Win32
		{533A6A47-1DAE-4E7F-8D14-532CFAC68428}.Release|x64.ActiveCfg = Release|x64
		{533A6A47-1DAE-4E7F-8D14-532CFAC68428}.Release|x64.Build.0 = Release|x64
		{533A6A47-1DAE-4E7F-8D14-532CFAC68428}.Release|x86.ActiveCfg = Release|Win32
		{533A6A47-1DAE-4E7F-8D14-532CFAC68428}.Release|x86.Build.0 = Release|Win32
		{F6C0E70E-B3FF-48E1-B645-4BC3B9E5B279}.Debug|x64.ActiveCfg = Debug|x64
		{F6C0E70E-B3FF-48E1-B645-4BC3B9E5B279}.Debug|x64.Build.0 = Debug|x64
		{F6C0E70E-B3FF-48E1-B645-4BC3B9E5B279}.Debug|x86.ActiveCfg = Debug|Win32
		{F6C0E70E-B3FF-48E1-B645-4BC3B9E5B279}.Debug|x86.Build.0 = Debug|Win32
		{F6C0E70E-B3FF-48E1-B645-4BC3B9E5B279}.Release|x64.ActiveCfg = Release|x64
		{F6C0E70E-B3FF-48E1-B645-4BC3B9E5B279}.Release|x64.Build.0 = Release|x64
		{F6C0E70E-B3FF-48E1-B645-4BC3B9E5B279}.Release|x86.ActiveCfg = Release|Win32
		{F6C0E70E-B3FF-48E1-B645-4BC3B9E5B279}.Release|x86.Build.0 = Release|Win32
		{FE741DD9-9DC6-42C5-A4C5-5781A4968102}.Debug|x64.ActiveCfg = Debug|x64
		{FE741DD9-9DC6-42C5-A4C5-5781A4968102}.Debug|x64.Build.0 = Debug|x64
		{FE741DD9-9DC6-42C5-A4C5-5781A4968102}.Debug|x86.ActiveCfg = Debug|Win32
		{FE741DD9-9DC6-42C5-A4C5-5781A4968102}.Debug|x86.Build.0 = Debug|Win32
		{FE741DD9-9DC6-42C5-A4C5-5781A4968102}.Release|x64.ActiveCfg = Release|x64
		{FE741DD9-9DC6-42C5-A4C5-5781A4968102}.Release|x64.Build.0 = Release|x64
		{FE741DD9-9DC6-42C5-A4C5-5781A4968102}.Release|x86.ActiveCfg = Release|Win32
		{FE741DD9-9DC6-42C5-A4C5-5781A4968102}.Release|x86.Build.0 = Release|Win32
		{076320BC-4404-4640-BE81-BA2EC82B2CA0}.Debug|x64.ActiveCfg = Debug|x64
		{076320BC-4404-4640-BE81-BA2EC82B2CA0}.Debug|x64.Build.0 = Debug|x64
		{076320BC-4404-4640-BE81-BA2EC82B2CA0}.Debug|x86.ActiveCfg = Debug|Win32
		{076320BC-4404-4640-BE81-BA2EC82B2CA0}.Debug|x86.Build.0 = Debug|Win32
		{076320BC-4404-4640-BE81-BA2EC82B2CA0}.Release|x64.ActiveCfg = Release|x64
		{076320BC-4404-4640-BE81-BA2EC82B2CA0}.Release|x64.Build.0 = Release|x64
		{076320BC-4404-4640-BE81-BA2EC82B2CA0}.Release|x86.ActiveCfg = Release|Win32
		{076320BC-4404-4640-BE81-BA2EC82B2CA0}.Release|x86.Build.0 = Release|Win32
		{672BFD17-4A6C-4BB6-AD76-79223E709030}.Debug|x64.ActiveCfg = Debug|x64
		{672BFD17-4A6C-4BB6-AD76-79223E709030}.Debug|x64.Build.0 = Debug|x64
		{672BFD17-4A6C-4BB6-AD76-79223E709030}.Debug|x86.ActiveCfg = Debug|Win32
		{672BFD17-4A6C-4BB6-AD76-79223E709030}.Debug|x86.Build.0 = Debug|Win32
		{672BFD17-4A6C-4BB6-AD76-79223E709030}.Release|x64.ActiveCfg = Release|x64
		{672BFD17-4A6C-4BB6-AD76-79223E709030}.Release|x64.Build.0 = Release|x64
		{672BFD17-4A6C-4BB6-AD76-79223E709030}.Release|x86.ActiveCfg = Release|Win32
		{672BFD17-4A6C-4BB6-AD76-79223E709030}.Release|x86.Build.0 = Release|Win32
		{6B53E002-0CFE-4305-8782-24CDD66F20B4}.Debug|x64.ActiveCfg = Debug|x64
		{6B53E002-0CFE-4305-8782-24CDD66F20B4}.Debug|x64.Build.0 = Debug|x64
		{6B53E002-0CFE-4305-8782-24CDD66F20B4}.Debug|x86.ActiveCfg = Debug|Win32
		{6B53E002-0CFE-4305-8782-24CDD66F20B4}.Debug|x86.Build.0 = Debug|Win32
		{6B53E002-0CFE-4305-8782-24CDD66F20B4}.Release|x64.ActiveCfg = Release|x64
		{6B53E002-0CFE-4305-8782-24CDD66F20B4}.Release|x64.Build.0 = Release|x64
		{6B53E002-0CFE-4305-8782-24CDD66F20B4}.Release|x86.ActiveCfg = Release|Win32
		{6B53E002-0CFE-4305-8782-24CDD66F20B4}.Release|x86.Build.0 = Release|Win32
		{302BEC90-A53B-41BF-8811-8AE25C963A01}.Debug|x64.ActiveCfg = Debug|x64
		{302BEC90-A53B-41BF-8811-8AE25C963A01}.Debug|x64.Build.0 = Debug|x64
		{302BEC90-A53B-41BF-8811-8AE25C963A01}.Debug|x86.ActiveCfg = Debug|Win32
		{302BEC90-A53B-41BF-8811-8AE25C963A01}.Debug|x86.Build.0 = Debug|Win32
		{302BEC90-A53B-41BF-8811-8AE25C963A01}.Release|x64.ActiveCfg = Release|x64
		{302BEC90-A53B-41BF-8811-8AE25C963A01}.Release|x64.Build.0 = Release|x64
		{302BEC90-A53B-41BF-8811-8AE25C963A01}.Release|x86.ActiveCfg = Release|Win32
		{302BEC90-A53B-41BF-8811-8AE25C963A01}.Release|x86.Build.0 = Release|Win32
	EndGlobalSection
	GlobalSection(SolutionProperties) = preSolution
		HideSolutionNode = FALSE
	EndGlobalSection
EndGlobal
