
Microsoft Visual Studio Solution File, Format Version 12.00
# Visual Studio Version 17
VisualStudioVersion = 17.12.35527.113
MinimumVisualStudioVersion = 10.0.40219.1
Project("{8BC9CEB8-8B4A-11D0-8D11-00A0C91BC942}") = "0200今年的第几天？", "0200今年的第几天？\0200今年的第几天？.vcxproj", "{154B799F-DBBF-4CC2-9345-063CC47F1C7B}"
EndProject
Project("{8BC9CEB8-8B4A-11D0-8D11-00A0C91BC942}") = "日期问题和引用参数", "日期问题和引用参数\日期问题和引用参数.vcxproj", "{43F6E843-246D-44F2-A8A6-4D87E12AF968}"
EndProject
Project("{8BC9CEB8-8B4A-11D0-8D11-00A0C91BC942}") = "0201打印日期", "0201打印日期\0201打印日期.vcxproj", "{678BDD71-4818-4A66-A7A0-0ECBCBB02EB7}"
EndProject
Project("{8BC9CEB8-8B4A-11D0-8D11-00A0C91BC942}") = "0202日期累加", "0202日期累加\0202日期累加.vcxproj", "{BC2EF9B5-9771-4F34-BBEE-F646BAEA45E0}"
EndProject
Project("{8BC9CEB8-8B4A-11D0-8D11-00A0C91BC942}") = "0200日期差值", "0200日期差值\0200日期差值.vcxproj", "{E0D8456D-2C3F-4908-BF49-8344E730C7EE}"
EndProject
Project("{8BC9CEB8-8B4A-11D0-8D11-00A0C91BC942}") = "0202日期", "0202日期\0202日期.vcxproj", "{1C7696BA-724C-4B57-A917-D213EF15C073}"
EndProject
Project("{8BC9CEB8-8B4A-11D0-8D11-00A0C91BC942}") = "0203完数和盈数", "0203完数和盈数\0203完数和盈数.vcxproj", "{1F0F87D6-15A2-4B2A-95DA-32D58645FC50}"
EndProject
Project("{8BC9CEB8-8B4A-11D0-8D11-00A0C91BC942}") = "vector和list", "vector和list\vector和list.vcxproj", "{D64505E5-970E-44DA-A340-EDFFA2C60E82}"
EndProject
Project("{8BC9CEB8-8B4A-11D0-8D11-00A0C91BC942}") = "0204剩下的树", "0204剩下的树\0204剩下的树.vcxproj", "{B0743B58-E58B-4686-87D0-7CBA592CD586}"
EndProject
Project("{8BC9CEB8-8B4A-11D0-8D11-00A0C91BC942}") = "0205糖果分享游戏", "0205糖果分享游戏\0205糖果分享游戏.vcxproj", "{C128DB52-760F-49DC-BD2B-B2A25ED8F1CB}"
EndProject
Project("{8BC9CEB8-8B4A-11D0-8D11-00A0C91BC942}") = "0203一端进两端出", "0203一端进两端出\0203一端进两端出.vcxproj", "{6D1FE18E-55B5-4A3B-8FC6-5F9B553BF5AF}"
EndProject
Project("{8BC9CEB8-8B4A-11D0-8D11-00A0C91BC942}") = "0204链表合并", "0204链表合并\0204链表合并.vcxproj", "{D103D72F-E93F-4DCF-B981-18431C8F564E}"
EndProject
Project("{8BC9CEB8-8B4A-11D0-8D11-00A0C91BC942}") = "0205空闲块", "0205空闲块\0205空闲块.vcxproj", "{EC87DBE8-B987-4410-B356-F0152AA2553F}"
EndProject
Project("{8BC9CEB8-8B4A-11D0-8D11-00A0C91BC942}") = "0206坠落的蚂蚁", "0206坠落的蚂蚁\0206坠落的蚂蚁.vcxproj", "{FE162AD2-A945-48FB-A50C-C941B7758FEF}"
EndProject
Project("{8BC9CEB8-8B4A-11D0-8D11-00A0C91BC942}") = "set", "set\set.vcxproj", "{FEDD3019-E91B-49ED-8700-F223DF965334}"
EndProject
Project("{8BC9CEB8-8B4A-11D0-8D11-00A0C91BC942}") = "0206阶乘的和", "0206阶乘的和\0206阶乘的和.vcxproj", "{E7D14C83-1776-4196-88A6-238ABFFB80E8}"
EndProject
Project("{8BC9CEB8-8B4A-11D0-8D11-00A0C91BC942}") = "map", "map\map.vcxproj", "{CAD51707-4E7E-4A63-A467-9D8221B5EF7C}"
EndProject
Project("{8BC9CEB8-8B4A-11D0-8D11-00A0C91BC942}") = "0207手机键盘", "0207手机键盘\0207手机键盘.vcxproj", "{38EC8459-A9EA-48EA-B774-FD012A804462}"
EndProject
Project("{8BC9CEB8-8B4A-11D0-8D11-00A0C91BC942}") = "0207子串运算", "0207子串运算\0207子串运算.vcxproj", "{2372DD98-CF1A-455E-AF6D-3EB3488B39E8}"
EndProject
Project("{8BC9CEB8-8B4A-11D0-8D11-00A0C91BC942}") = "0208WERTYU", "0208WERTYU\0208WERTYU.vcxproj", "{2CAD2C87-12F7-47D8-B1DD-30B76CECC564}"
EndProject
Project("{8BC9CEB8-8B4A-11D0-8D11-00A0C91BC942}") = "0209罗马数字", "0209罗马数字\0209罗马数字.vcxproj", "{E5766951-B60B-4046-A95E-C4C418A741E5}"
EndProject
Project("{8BC9CEB8-8B4A-11D0-8D11-00A0C91BC942}") = "0210三元组", "0210三元组\0210三元组.vcxproj", "{E491AB74-2F3F-41EF-BD7D-8F215EACF9E3}"
EndProject
Project("{8BC9CEB8-8B4A-11D0-8D11-00A0C91BC942}") = "0211谁是你的潜在朋友", "0211谁是你的潜在朋友\0211谁是你的潜在朋友.vcxproj", "{40E67AF3-D4FA-40AC-8E2F-2AFFCE097330}"
EndProject
Project("{8BC9CEB8-8B4A-11D0-8D11-00A0C91BC942}") = "0212假币", "0212假币\0212假币.vcxproj", "{9801C78B-4758-4567-860F-B458AE6C50BD}"
EndProject
Project("{8BC9CEB8-8B4A-11D0-8D11-00A0C91BC942}") = "0213假币", "0213假币\0213假币.vcxproj", "{191F2A3E-9310-4BA7-A097-8BE7FB774073}"
EndProject
Global
	GlobalSection(SolutionConfigurationPlatforms) = preSolution
		Debug|x64 = Debug|x64
		Debug|x86 = Debug|x86
		Release|x64 = Release|x64
		Release|x86 = Release|x86
	EndGlobalSection
	GlobalSection(ProjectConfigurationPlatforms) = postSolution
		{154B799F-DBBF-4CC2-9345-063CC47F1C7B}.Debug|x64.ActiveCfg = Debug|x64
		{154B799F-DBBF-4CC2-9345-063CC47F1C7B}.Debug|x64.Build.0 = Debug|x64
		{154B799F-DBBF-4CC2-9345-063CC47F1C7B}.Debug|x86.ActiveCfg = Debug|Win32
		{154B799F-DBBF-4CC2-9345-063CC47F1C7B}.Debug|x86.Build.0 = Debug|Win32
		{154B799F-DBBF-4CC2-9345-063CC47F1C7B}.Release|x64.ActiveCfg = Release|x64
		{154B799F-DBBF-4CC2-9345-063CC47F1C7B}.Release|x64.Build.0 = Release|x64
		{154B799F-DBBF-4CC2-9345-063CC47F1C7B}.Release|x86.ActiveCfg = Release|Win32
		{154B799F-DBBF-4CC2-9345-063CC47F1C7B}.Release|x86.Build.0 = Release|Win32
		{43F6E843-246D-44F2-A8A6-4D87E12AF968}.Debug|x64.ActiveCfg = Debug|x64
		{43F6E843-246D-44F2-A8A6-4D87E12AF968}.Debug|x64.Build.0 = Debug|x64
		{43F6E843-246D-44F2-A8A6-4D87E12AF968}.Debug|x86.ActiveCfg = Debug|Win32
		{43F6E843-246D-44F2-A8A6-4D87E12AF968}.Debug|x86.Build.0 = Debug|Win32
		{43F6E843-246D-44F2-A8A6-4D87E12AF968}.Release|x64.ActiveCfg = Release|x64
		{43F6E843-246D-44F2-A8A6-4D87E12AF968}.Release|x64.Build.0 = Release|x64
		{43F6E843-246D-44F2-A8A6-4D87E12AF968}.Release|x86.ActiveCfg = Release|Win32
		{43F6E843-246D-44F2-A8A6-4D87E12AF968}.Release|x86.Build.0 = Release|Win32
		{678BDD71-4818-4A66-A7A0-0ECBCBB02EB7}.Debug|x64.ActiveCfg = Debug|x64
		{678BDD71-4818-4A66-A7A0-0ECBCBB02EB7}.Debug|x64.Build.0 = Debug|x64
		{678BDD71-4818-4A66-A7A0-0ECBCBB02EB7}.Debug|x86.ActiveCfg = Debug|Win32
		{678BDD71-4818-4A66-A7A0-0ECBCBB02EB7}.Debug|x86.Build.0 = Debug|Win32
		{678BDD71-4818-4A66-A7A0-0ECBCBB02EB7}.Release|x64.ActiveCfg = Release|x64
		{678BDD71-4818-4A66-A7A0-0ECBCBB02EB7}.Release|x64.Build.0 = Release|x64
		{678BDD71-4818-4A66-A7A0-0ECBCBB02EB7}.Release|x86.ActiveCfg = Release|Win32
		{678BDD71-4818-4A66-A7A0-0ECBCBB02EB7}.Release|x86.Build.0 = Release|Win32
		{BC2EF9B5-9771-4F34-BBEE-F646BAEA45E0}.Debug|x64.ActiveCfg = Debug|x64
		{BC2EF9B5-9771-4F34-BBEE-F646BAEA45E0}.Debug|x64.Build.0 = Debug|x64
		{BC2EF9B5-9771-4F34-BBEE-F646BAEA45E0}.Debug|x86.ActiveCfg = Debug|Win32
		{BC2EF9B5-9771-4F34-BBEE-F646BAEA45E0}.Debug|x86.Build.0 = Debug|Win32
		{BC2EF9B5-9771-4F34-BBEE-F646BAEA45E0}.Release|x64.ActiveCfg = Release|x64
		{BC2EF9B5-9771-4F34-BBEE-F646BAEA45E0}.Release|x64.Build.0 = Release|x64
		{BC2EF9B5-9771-4F34-BBEE-F646BAEA45E0}.Release|x86.ActiveCfg = Release|Win32
		{BC2EF9B5-9771-4F34-BBEE-F646BAEA45E0}.Release|x86.Build.0 = Release|Win32
		{E0D8456D-2C3F-4908-BF49-8344E730C7EE}.Debug|x64.ActiveCfg = Debug|x64
		{E0D8456D-2C3F-4908-BF49-8344E730C7EE}.Debug|x64.Build.0 = Debug|x64
		{E0D8456D-2C3F-4908-BF49-8344E730C7EE}.Debug|x86.ActiveCfg = Debug|Win32
		{E0D8456D-2C3F-4908-BF49-8344E730C7EE}.Debug|x86.Build.0 = Debug|Win32
		{E0D8456D-2C3F-4908-BF49-8344E730C7EE}.Release|x64.ActiveCfg = Release|x64
		{E0D8456D-2C3F-4908-BF49-8344E730C7EE}.Release|x64.Build.0 = Release|x64
		{E0D8456D-2C3F-4908-BF49-8344E730C7EE}.Release|x86.ActiveCfg = Release|Win32
		{E0D8456D-2C3F-4908-BF49-8344E730C7EE}.Release|x86.Build.0 = Release|Win32
		{1C7696BA-724C-4B57-A917-D213EF15C073}.Debug|x64.ActiveCfg = Debug|x64
		{1C7696BA-724C-4B57-A917-D213EF15C073}.Debug|x64.Build.0 = Debug|x64
		{1C7696BA-724C-4B57-A917-D213EF15C073}.Debug|x86.ActiveCfg = Debug|Win32
		{1C7696BA-724C-4B57-A917-D213EF15C073}.Debug|x86.Build.0 = Debug|Win32
		{1C7696BA-724C-4B57-A917-D213EF15C073}.Release|x64.ActiveCfg = Release|x64
		{1C7696BA-724C-4B57-A917-D213EF15C073}.Release|x64.Build.0 = Release|x64
		{1C7696BA-724C-4B57-A917-D213EF15C073}.Release|x86.ActiveCfg = Release|Win32
		{1C7696BA-724C-4B57-A917-D213EF15C073}.Release|x86.Build.0 = Release|Win32
		{1F0F87D6-15A2-4B2A-95DA-32D58645FC50}.Debug|x64.ActiveCfg = Debug|x64
		{1F0F87D6-15A2-4B2A-95DA-32D58645FC50}.Debug|x64.Build.0 = Debug|x64
		{1F0F87D6-15A2-4B2A-95DA-32D58645FC50}.Debug|x86.ActiveCfg = Debug|Win32
		{1F0F87D6-15A2-4B2A-95DA-32D58645FC50}.Debug|x86.Build.0 = Debug|Win32
		{1F0F87D6-15A2-4B2A-95DA-32D58645FC50}.Release|x64.ActiveCfg = Release|x64
		{1F0F87D6-15A2-4B2A-95DA-32D58645FC50}.Release|x64.Build.0 = Release|x64
		{1F0F87D6-15A2-4B2A-95DA-32D58645FC50}.Release|x86.ActiveCfg = Release|Win32
		{1F0F87D6-15A2-4B2A-95DA-32D58645FC50}.Release|x86.Build.0 = Release|Win32
		{D64505E5-970E-44DA-A340-EDFFA2C60E82}.Debug|x64.ActiveCfg = Debug|x64
		{D64505E5-970E-44DA-A340-EDFFA2C60E82}.Debug|x64.Build.0 = Debug|x64
		{D64505E5-970E-44DA-A340-EDFFA2C60E82}.Debug|x86.ActiveCfg = Debug|Win32
		{D64505E5-970E-44DA-A340-EDFFA2C60E82}.Debug|x86.Build.0 = Debug|Win32
		{D64505E5-970E-44DA-A340-EDFFA2C60E82}.Release|x64.ActiveCfg = Release|x64
		{D64505E5-970E-44DA-A340-EDFFA2C60E82}.Release|x64.Build.0 = Release|x64
		{D64505E5-970E-44DA-A340-EDFFA2C60E82}.Release|x86.ActiveCfg = Release|Win32
		{D64505E5-970E-44DA-A340-EDFFA2C60E82}.Release|x86.Build.0 = Release|Win32
		{B0743B58-E58B-4686-87D0-7CBA592CD586}.Debug|x64.ActiveCfg = Debug|x64
		{B0743B58-E58B-4686-87D0-7CBA592CD586}.Debug|x64.Build.0 = Debug|x64
		{B0743B58-E58B-4686-87D0-7CBA592CD586}.Debug|x86.ActiveCfg = Debug|Win32
		{B0743B58-E58B-4686-87D0-7CBA592CD586}.Debug|x86.Build.0 = Debug|Win32
		{B0743B58-E58B-4686-87D0-7CBA592CD586}.Release|x64.ActiveCfg = Release|x64
		{B0743B58-E58B-4686-87D0-7CBA592CD586}.Release|x64.Build.0 = Release|x64
		{B0743B58-E58B-4686-87D0-7CBA592CD586}.Release|x86.ActiveCfg = Release|Win32
		{B0743B58-E58B-4686-87D0-7CBA592CD586}.Release|x86.Build.0 = Release|Win32
		{C128DB52-760F-49DC-BD2B-B2A25ED8F1CB}.Debug|x64.ActiveCfg = Debug|x64
		{C128DB52-760F-49DC-BD2B-B2A25ED8F1CB}.Debug|x64.Build.0 = Debug|x64
		{C128DB52-760F-49DC-BD2B-B2A25ED8F1CB}.Debug|x86.ActiveCfg = Debug|Win32
		{C128DB52-760F-49DC-BD2B-B2A25ED8F1CB}.Debug|x86.Build.0 = Debug|Win32
		{C128DB52-760F-49DC-BD2B-B2A25ED8F1CB}.Release|x64.ActiveCfg = Release|x64
		{C128DB52-760F-49DC-BD2B-B2A25ED8F1CB}.Release|x64.Build.0 = Release|x64
		{C128DB52-760F-49DC-BD2B-B2A25ED8F1CB}.Release|x86.ActiveCfg = Release|Win32
		{C128DB52-760F-49DC-BD2B-B2A25ED8F1CB}.Release|x86.Build.0 = Release|Win32
		{6D1FE18E-55B5-4A3B-8FC6-5F9B553BF5AF}.Debug|x64.ActiveCfg = Debug|x64
		{6D1FE18E-55B5-4A3B-8FC6-5F9B553BF5AF}.Debug|x64.Build.0 = Debug|x64
		{6D1FE18E-55B5-4A3B-8FC6-5F9B553BF5AF}.Debug|x86.ActiveCfg = Debug|Win32
		{6D1FE18E-55B5-4A3B-8FC6-5F9B553BF5AF}.Debug|x86.Build.0 = Debug|Win32
		{6D1FE18E-55B5-4A3B-8FC6-5F9B553BF5AF}.Release|x64.ActiveCfg = Release|x64
		{6D1FE18E-55B5-4A3B-8FC6-5F9B553BF5AF}.Release|x64.Build.0 = Release|x64
		{6D1FE18E-55B5-4A3B-8FC6-5F9B553BF5AF}.Release|x86.ActiveCfg = Release|Win32
		{6D1FE18E-55B5-4A3B-8FC6-5F9B553BF5AF}.Release|x86.Build.0 = Release|Win32
		{D103D72F-E93F-4DCF-B981-18431C8F564E}.Debug|x64.ActiveCfg = Debug|x64
		{D103D72F-E93F-4DCF-B981-18431C8F564E}.Debug|x64.Build.0 = Debug|x64
		{D103D72F-E93F-4DCF-B981-18431C8F564E}.Debug|x86.ActiveCfg = Debug|Win32
		{D103D72F-E93F-4DCF-B981-18431C8F564E}.Debug|x86.Build.0 = Debug|Win32
		{D103D72F-E93F-4DCF-B981-18431C8F564E}.Release|x64.ActiveCfg = Release|x64
		{D103D72F-E93F-4DCF-B981-18431C8F564E}.Release|x64.Build.0 = Release|x64
		{D103D72F-E93F-4DCF-B981-18431C8F564E}.Release|x86.ActiveCfg = Release|Win32
		{D103D72F-E93F-4DCF-B981-18431C8F564E}.Release|x86.Build.0 = Release|Win32
		{EC87DBE8-B987-4410-B356-F0152AA2553F}.Debug|x64.ActiveCfg = Debug|x64
		{EC87DBE8-B987-4410-B356-F0152AA2553F}.Debug|x64.Build.0 = Debug|x64
		{EC87DBE8-B987-4410-B356-F0152AA2553F}.Debug|x86.ActiveCfg = Debug|Win32
		{EC87DBE8-B987-4410-B356-F0152AA2553F}.Debug|x86.Build.0 = Debug|Win32
		{EC87DBE8-B987-4410-B356-F0152AA2553F}.Release|x64.ActiveCfg = Release|x64
		{EC87DBE8-B987-4410-B356-F0152AA2553F}.Release|x64.Build.0 = Release|x64
		{EC87DBE8-B987-4410-B356-F0152AA2553F}.Release|x86.ActiveCfg = Release|Win32
		{EC87DBE8-B987-4410-B356-F0152AA2553F}.Release|x86.Build.0 = Release|Win32
		{FE162AD2-A945-48FB-A50C-C941B7758FEF}.Debug|x64.ActiveCfg = Debug|x64
		{FE162AD2-A945-48FB-A50C-C941B7758FEF}.Debug|x64.Build.0 = Debug|x64
		{FE162AD2-A945-48FB-A50C-C941B7758FEF}.Debug|x86.ActiveCfg = Debug|Win32
		{FE162AD2-A945-48FB-A50C-C941B7758FEF}.Debug|x86.Build.0 = Debug|Win32
		{FE162AD2-A945-48FB-A50C-C941B7758FEF}.Release|x64.ActiveCfg = Release|x64
		{FE162AD2-A945-48FB-A50C-C941B7758FEF}.Release|x64.Build.0 = Release|x64
		{FE162AD2-A945-48FB-A50C-C941B7758FEF}.Release|x86.ActiveCfg = Release|Win32
		{FE162AD2-A945-48FB-A50C-C941B7758FEF}.Release|x86.Build.0 = Release|Win32
		{FEDD3019-E91B-49ED-8700-F223DF965334}.Debug|x64.ActiveCfg = Debug|x64
		{FEDD3019-E91B-49ED-8700-F223DF965334}.Debug|x64.Build.0 = Debug|x64
		{FEDD3019-E91B-49ED-8700-F223DF965334}.Debug|x86.ActiveCfg = Debug|Win32
		{FEDD3019-E91B-49ED-8700-F223DF965334}.Debug|x86.Build.0 = Debug|Win32
		{FEDD3019-E91B-49ED-8700-F223DF965334}.Release|x64.ActiveCfg = Release|x64
		{FEDD3019-E91B-49ED-8700-F223DF965334}.Release|x64.Build.0 = Release|x64
		{FEDD3019-E91B-49ED-8700-F223DF965334}.Release|x86.ActiveCfg = Release|Win32
		{FEDD3019-E91B-49ED-8700-F223DF965334}.Release|x86.Build.0 = Release|Win32
		{E7D14C83-1776-4196-88A6-238ABFFB80E8}.Debug|x64.ActiveCfg = Debug|x64
		{E7D14C83-1776-4196-88A6-238ABFFB80E8}.Debug|x64.Build.0 = Debug|x64
		{E7D14C83-1776-4196-88A6-238ABFFB80E8}.Debug|x86.ActiveCfg = Debug|Win32
		{E7D14C83-1776-4196-88A6-238ABFFB80E8}.Debug|x86.Build.0 = Debug|Win32
		{E7D14C83-1776-4196-88A6-238ABFFB80E8}.Release|x64.ActiveCfg = Release|x64
		{E7D14C83-1776-4196-88A6-238ABFFB80E8}.Release|x64.Build.0 = Release|x64
		{E7D14C83-1776-4196-88A6-238ABFFB80E8}.Release|x86.ActiveCfg = Release|Win32
		{E7D14C83-1776-4196-88A6-238ABFFB80E8}.Release|x86.Build.0 = Release|Win32
		{CAD51707-4E7E-4A63-A467-9D8221B5EF7C}.Debug|x64.ActiveCfg = Debug|x64
		{CAD51707-4E7E-4A63-A467-9D8221B5EF7C}.Debug|x64.Build.0 = Debug|x64
		{CAD51707-4E7E-4A63-A467-9D8221B5EF7C}.Debug|x86.ActiveCfg = Debug|Win32
		{CAD51707-4E7E-4A63-A467-9D8221B5EF7C}.Debug|x86.Build.0 = Debug|Win32
		{CAD51707-4E7E-4A63-A467-9D8221B5EF7C}.Release|x64.ActiveCfg = Release|x64
		{CAD51707-4E7E-4A63-A467-9D8221B5EF7C}.Release|x64.Build.0 = Release|x64
		{CAD51707-4E7E-4A63-A467-9D8221B5EF7C}.Release|x86.ActiveCfg = Release|Win32
		{CAD51707-4E7E-4A63-A467-9D8221B5EF7C}.Release|x86.Build.0 = Release|Win32
		{38EC8459-A9EA-48EA-B774-FD012A804462}.Debug|x64.ActiveCfg = Debug|x64
		{38EC8459-A9EA-48EA-B774-FD012A804462}.Debug|x64.Build.0 = Debug|x64
		{38EC8459-A9EA-48EA-B774-FD012A804462}.Debug|x86.ActiveCfg = Debug|Win32
		{38EC8459-A9EA-48EA-B774-FD012A804462}.Debug|x86.Build.0 = Debug|Win32
		{38EC8459-A9EA-48EA-B774-FD012A804462}.Release|x64.ActiveCfg = Release|x64
		{38EC8459-A9EA-48EA-B774-FD012A804462}.Release|x64.Build.0 = Release|x64
		{38EC8459-A9EA-48EA-B774-FD012A804462}.Release|x86.ActiveCfg = Release|Win32
		{38EC8459-A9EA-48EA-B774-FD012A804462}.Release|x86.Build.0 = Release|Win32
		{2372DD98-CF1A-455E-AF6D-3EB3488B39E8}.Debug|x64.ActiveCfg = Debug|x64
		{2372DD98-CF1A-455E-AF6D-3EB3488B39E8}.Debug|x64.Build.0 = Debug|x64
		{2372DD98-CF1A-455E-AF6D-3EB3488B39E8}.Debug|x86.ActiveCfg = Debug|Win32
		{2372DD98-CF1A-455E-AF6D-3EB3488B39E8}.Debug|x86.Build.0 = Debug|Win32
		{2372DD98-CF1A-455E-AF6D-3EB3488B39E8}.Release|x64.ActiveCfg = Release|x64
		{2372DD98-CF1A-455E-AF6D-3EB3488B39E8}.Release|x64.Build.0 = Release|x64
		{2372DD98-CF1A-455E-AF6D-3EB3488B39E8}.Release|x86.ActiveCfg = Release|Win32
		{2372DD98-CF1A-455E-AF6D-3EB3488B39E8}.Release|x86.Build.0 = Release|Win32
		{2CAD2C87-12F7-47D8-B1DD-30B76CECC564}.Debug|x64.ActiveCfg = Debug|x64
		{2CAD2C87-12F7-47D8-B1DD-30B76CECC564}.Debug|x64.Build.0 = Debug|x64
		{2CAD2C87-12F7-47D8-B1DD-30B76CECC564}.Debug|x86.ActiveCfg = Debug|Win32
		{2CAD2C87-12F7-47D8-B1DD-30B76CECC564}.Debug|x86.Build.0 = Debug|Win32
		{2CAD2C87-12F7-47D8-B1DD-30B76CECC564}.Release|x64.ActiveCfg = Release|x64
		{2CAD2C87-12F7-47D8-B1DD-30B76CECC564}.Release|x64.Build.0 = Release|x64
		{2CAD2C87-12F7-47D8-B1DD-30B76CECC564}.Release|x86.ActiveCfg = Release|Win32
		{2CAD2C87-12F7-47D8-B1DD-30B76CECC564}.Release|x86.Build.0 = Release|Win32
		{E5766951-B60B-4046-A95E-C4C418A741E5}.Debug|x64.ActiveCfg = Debug|x64
		{E5766951-B60B-4046-A95E-C4C418A741E5}.Debug|x64.Build.0 = Debug|x64
		{E5766951-B60B-4046-A95E-C4C418A741E5}.Debug|x86.ActiveCfg = Debug|Win32
		{E5766951-B60B-4046-A95E-C4C418A741E5}.Debug|x86.Build.0 = Debug|Win32
		{E5766951-B60B-4046-A95E-C4C418A741E5}.Release|x64.ActiveCfg = Release|x64
		{E5766951-B60B-4046-A95E-C4C418A741E5}.Release|x64.Build.0 = Release|x64
		{E5766951-B60B-4046-A95E-C4C418A741E5}.Release|x86.ActiveCfg = Release|Win32
		{E5766951-B60B-4046-A95E-C4C418A741E5}.Release|x86.Build.0 = Release|Win32
		{E491AB74-2F3F-41EF-BD7D-8F215EACF9E3}.Debug|x64.ActiveCfg = Debug|x64
		{E491AB74-2F3F-41EF-BD7D-8F215EACF9E3}.Debug|x64.Build.0 = Debug|x64
		{E491AB74-2F3F-41EF-BD7D-8F215EACF9E3}.Debug|x86.ActiveCfg = Debug|Win32
		{E491AB74-2F3F-41EF-BD7D-8F215EACF9E3}.Debug|x86.Build.0 = Debug|Win32
		{E491AB74-2F3F-41EF-BD7D-8F215EACF9E3}.Release|x64.ActiveCfg = Release|x64
		{E491AB74-2F3F-41EF-BD7D-8F215EACF9E3}.Release|x64.Build.0 = Release|x64
		{E491AB74-2F3F-41EF-BD7D-8F215EACF9E3}.Release|x86.ActiveCfg = Release|Win32
		{E491AB74-2F3F-41EF-BD7D-8F215EACF9E3}.Release|x86.Build.0 = Release|Win32
		{40E67AF3-D4FA-40AC-8E2F-2AFFCE097330}.Debug|x64.ActiveCfg = Debug|x64
		{40E67AF3-D4FA-40AC-8E2F-2AFFCE097330}.Debug|x64.Build.0 = Debug|x64
		{40E67AF3-D4FA-40AC-8E2F-2AFFCE097330}.Debug|x86.ActiveCfg = Debug|Win32
		{40E67AF3-D4FA-40AC-8E2F-2AFFCE097330}.Debug|x86.Build.0 = Debug|Win32
		{40E67AF3-D4FA-40AC-8E2F-2AFFCE097330}.Release|x64.ActiveCfg = Release|x64
		{40E67AF3-D4FA-40AC-8E2F-2AFFCE097330}.Release|x64.Build.0 = Release|x64
		{40E67AF3-D4FA-40AC-8E2F-2AFFCE097330}.Release|x86.ActiveCfg = Release|Win32
		{40E67AF3-D4FA-40AC-8E2F-2AFFCE097330}.Release|x86.Build.0 = Release|Win32
		{9801C78B-4758-4567-860F-B458AE6C50BD}.Debug|x64.ActiveCfg = Debug|x64
		{9801C78B-4758-4567-860F-B458AE6C50BD}.Debug|x64.Build.0 = Debug|x64
		{9801C78B-4758-4567-860F-B458AE6C50BD}.Debug|x86.ActiveCfg = Debug|Win32
		{9801C78B-4758-4567-860F-B458AE6C50BD}.Debug|x86.Build.0 = Debug|Win32
		{9801C78B-4758-4567-860F-B458AE6C50BD}.Release|x64.ActiveCfg = Release|x64
		{9801C78B-4758-4567-860F-B458AE6C50BD}.Release|x64.Build.0 = Release|x64
		{9801C78B-4758-4567-860F-B458AE6C50BD}.Release|x86.ActiveCfg = Release|Win32
		{9801C78B-4758-4567-860F-B458AE6C50BD}.Release|x86.Build.0 = Release|Win32
		{191F2A3E-9310-4BA7-A097-8BE7FB774073}.Debug|x64.ActiveCfg = Debug|x64
		{191F2A3E-9310-4BA7-A097-8BE7FB774073}.Debug|x64.Build.0 = Debug|x64
		{191F2A3E-9310-4BA7-A097-8BE7FB774073}.Debug|x86.ActiveCfg = Debug|Win32
		{191F2A3E-9310-4BA7-A097-8BE7FB774073}.Debug|x86.Build.0 = Debug|Win32
		{191F2A3E-9310-4BA7-A097-8BE7FB774073}.Release|x64.ActiveCfg = Release|x64
		{191F2A3E-9310-4BA7-A097-8BE7FB774073}.Release|x64.Build.0 = Release|x64
		{191F2A3E-9310-4BA7-A097-8BE7FB774073}.Release|x86.ActiveCfg = Release|Win32
		{191F2A3E-9310-4BA7-A097-8BE7FB774073}.Release|x86.Build.0 = Release|Win32
	EndGlobalSection
	GlobalSection(SolutionProperties) = preSolution
		HideSolutionNode = FALSE
	EndGlobalSection
EndGlobal
