
Microsoft Visual Studio Solution File, Format Version 12.00
# Visual Studio Version 17
VisualStudioVersion = 17.12.35527.113
MinimumVisualStudioVersion = 10.0.40219.1
Project("{8BC9CEB8-8B4A-11D0-8D11-00A0C91BC942}") = "0000a+b", "0000a+b\0000a+b.vcxproj", "{AB2551D4-7291-4660-A0D4-24B2C84297D4}"
EndProject
Project("{8BC9CEB8-8B4A-11D0-8D11-00A0C91BC942}") = "0100abc", "0010abc\0010abc.vcxproj", "{5CDA2677-BE90-4904-8F31-13041950E4F6}"
EndProject
Project("{8BC9CEB8-8B4A-11D0-8D11-00A0C91BC942}") = "0101反序数", "0101反序数\0101反序数.vcxproj", "{7359B4C7-C249-40C7-9F43-20CFA2DDF7B8}"
EndProject
Project("{8BC9CEB8-8B4A-11D0-8D11-00A0C91BC942}") = "0100对称平方数1", "0100对称平方数1\0100对称平方数1.vcxproj", "{465D3ABF-D5A9-4706-BEC3-9437C55C0319}"
EndProject
Project("{8BC9CEB8-8B4A-11D0-8D11-00A0C91BC942}") = "0101与7无关的数", "0101与7无关的数\0101与7无关的数.vcxproj", "{B153AE71-1860-47C4-A3EE-A1E90754C071}"
EndProject
Project("{8BC9CEB8-8B4A-11D0-8D11-00A0C91BC942}") = "0102约数的个数", "0102约数的个数\0102约数的个数.vcxproj", "{DB18656B-E9D0-4645-9783-4F5C0DA72089}"
EndProject
Project("{8BC9CEB8-8B4A-11D0-8D11-00A0C91BC942}") = "0103水仙花数", "0103水仙花数\0103水仙花数.vcxproj", "{C8F6E920-7F70-4A30-B532-2B6DD5F19227}"
EndProject
Project("{8BC9CEB8-8B4A-11D0-8D11-00A0C91BC942}") = "0104old bill", "0104old bill\0104old bill.vcxproj", "{AE77E003-46CB-4720-857A-EF5CF3C9C475}"
EndProject
Project("{8BC9CEB8-8B4A-11D0-8D11-00A0C91BC942}") = "0102XXX定律", "0102XXX定律\0102XXX定律.vcxproj", "{C5E014C0-C5FE-46D7-BC66-DBA74A7D2FFC}"
EndProject
Project("{8BC9CEB8-8B4A-11D0-8D11-00A0C91BC942}") = "0105特殊乘法", "0105特殊乘法\0105特殊乘法.vcxproj", "{A92E1D86-B921-4A70-9701-30E4AF513516}"
EndProject
Project("{8BC9CEB8-8B4A-11D0-8D11-00A0C91BC942}") = "0106递推数列", "0106递推数列\0106递推数列.vcxproj", "{9B6A091E-34DA-4739-B4D2-2D02C8CC23B2}"
EndProject
Project("{8BC9CEB8-8B4A-11D0-8D11-00A0C91BC942}") = "0107学分绩点", "0107学分绩点\0107学分绩点.vcxproj", "{F95B0297-1240-4183-B20C-F3F26AA0D3CB}"
EndProject
Project("{8BC9CEB8-8B4A-11D0-8D11-00A0C91BC942}") = "0108买房子", "0108买房子\0108买房子.vcxproj", "{69467326-7E90-4D96-A721-D7ED1324C3CC}"
EndProject
Project("{8BC9CEB8-8B4A-11D0-8D11-00A0C91BC942}") = "0103打印菱形", "0103打印菱形\0103打印菱形.vcxproj", "{A92021C2-FE2B-4B90-9D08-B1DC18DA94A4}"
EndProject
Project("{8BC9CEB8-8B4A-11D0-8D11-00A0C91BC942}") = "0104叠筐", "0104叠框\0104叠框.vcxproj", "{FC56B72C-CEBC-4C3E-8AA3-AC9E7CD6807A}"
EndProject
Project("{8BC9CEB8-8B4A-11D0-8D11-00A0C91BC942}") = "0110HelloWorldforU", "0110HelloWorldforU\0110HelloWorldforU.vcxproj", "{FB811503-DC43-45F9-9B44-6BB6B8132F70}"
EndProject
Project("{8BC9CEB8-8B4A-11D0-8D11-00A0C91BC942}") = "01100人生百年，蜉蝣一日。", "01100人生百年，蜉蝣一日。\01100人生百年，蜉蝣一日。.vcxproj", "{AE519CC8-680B-4767-9E00-E50A71A41699}"
EndProject
Project("{8BC9CEB8-8B4A-11D0-8D11-00A0C91BC942}") = "0111旋转矩阵", "0111旋转矩阵\0111旋转矩阵.vcxproj", "{EC8951EF-F4B4-477F-8C12-AC83C7406E1E}"
EndProject
Project("{8BC9CEB8-8B4A-11D0-8D11-00A0C91BC942}") = "0112重复者", "0112重复者\0112重复者.vcxproj", "{98F18D42-4C00-40B6-A7BE-0F5DE0CC1301}"
EndProject
Global
	GlobalSection(SolutionConfigurationPlatforms) = preSolution
		Debug|x64 = Debug|x64
		Debug|x86 = Debug|x86
		Release|x64 = Release|x64
		Release|x86 = Release|x86
	EndGlobalSection
	GlobalSection(ProjectConfigurationPlatforms) = postSolution
		{AB2551D4-7291-4660-A0D4-24B2C84297D4}.Debug|x64.ActiveCfg = Debug|x64
		{AB2551D4-7291-4660-A0D4-24B2C84297D4}.Debug|x64.Build.0 = Debug|x64
		{AB2551D4-7291-4660-A0D4-24B2C84297D4}.Debug|x86.ActiveCfg = Debug|Win32
		{AB2551D4-7291-4660-A0D4-24B2C84297D4}.Debug|x86.Build.0 = Debug|Win32
		{AB2551D4-7291-4660-A0D4-24B2C84297D4}.Release|x64.ActiveCfg = Release|x64
		{AB2551D4-7291-4660-A0D4-24B2C84297D4}.Release|x64.Build.0 = Release|x64
		{AB2551D4-7291-4660-A0D4-24B2C84297D4}.Release|x86.ActiveCfg = Release|Win32
		{AB2551D4-7291-4660-A0D4-24B2C84297D4}.Release|x86.Build.0 = Release|Win32
		{5CDA2677-BE90-4904-8F31-13041950E4F6}.Debug|x64.ActiveCfg = Debug|x64
		{5CDA2677-BE90-4904-8F31-13041950E4F6}.Debug|x64.Build.0 = Debug|x64
		{5CDA2677-BE90-4904-8F31-13041950E4F6}.Debug|x86.ActiveCfg = Debug|Win32
		{5CDA2677-BE90-4904-8F31-13041950E4F6}.Debug|x86.Build.0 = Debug|Win32
		{5CDA2677-BE90-4904-8F31-13041950E4F6}.Release|x64.ActiveCfg = Release|x64
		{5CDA2677-BE90-4904-8F31-13041950E4F6}.Release|x64.Build.0 = Release|x64
		{5CDA2677-BE90-4904-8F31-13041950E4F6}.Release|x86.ActiveCfg = Release|Win32
		{5CDA2677-BE90-4904-8F31-13041950E4F6}.Release|x86.Build.0 = Release|Win32
		{7359B4C7-C249-40C7-9F43-20CFA2DDF7B8}.Debug|x64.ActiveCfg = Debug|x64
		{7359B4C7-C249-40C7-9F43-20CFA2DDF7B8}.Debug|x64.Build.0 = Debug|x64
		{7359B4C7-C249-40C7-9F43-20CFA2DDF7B8}.Debug|x86.ActiveCfg = Debug|Win32
		{7359B4C7-C249-40C7-9F43-20CFA2DDF7B8}.Debug|x86.Build.0 = Debug|Win32
		{7359B4C7-C249-40C7-9F43-20CFA2DDF7B8}.Release|x64.ActiveCfg = Release|x64
		{7359B4C7-C249-40C7-9F43-20CFA2DDF7B8}.Release|x64.Build.0 = Release|x64
		{7359B4C7-C249-40C7-9F43-20CFA2DDF7B8}.Release|x86.ActiveCfg = Release|Win32
		{7359B4C7-C249-40C7-9F43-20CFA2DDF7B8}.Release|x86.Build.0 = Release|Win32
		{465D3ABF-D5A9-4706-BEC3-9437C55C0319}.Debug|x64.ActiveCfg = Debug|x64
		{465D3ABF-D5A9-4706-BEC3-9437C55C0319}.Debug|x64.Build.0 = Debug|x64
		{465D3ABF-D5A9-4706-BEC3-9437C55C0319}.Debug|x86.ActiveCfg = Debug|Win32
		{465D3ABF-D5A9-4706-BEC3-9437C55C0319}.Debug|x86.Build.0 = Debug|Win32
		{465D3ABF-D5A9-4706-BEC3-9437C55C0319}.Release|x64.ActiveCfg = Release|x64
		{465D3ABF-D5A9-4706-BEC3-9437C55C0319}.Release|x64.Build.0 = Release|x64
		{465D3ABF-D5A9-4706-BEC3-9437C55C0319}.Release|x86.ActiveCfg = Release|Win32
		{465D3ABF-D5A9-4706-BEC3-9437C55C0319}.Release|x86.Build.0 = Release|Win32
		{B153AE71-1860-47C4-A3EE-A1E90754C071}.Debug|x64.ActiveCfg = Debug|x64
		{B153AE71-1860-47C4-A3EE-A1E90754C071}.Debug|x64.Build.0 = Debug|x64
		{B153AE71-1860-47C4-A3EE-A1E90754C071}.Debug|x86.ActiveCfg = Debug|Win32
		{B153AE71-1860-47C4-A3EE-A1E90754C071}.Debug|x86.Build.0 = Debug|Win32
		{B153AE71-1860-47C4-A3EE-A1E90754C071}.Release|x64.ActiveCfg = Release|x64
		{B153AE71-1860-47C4-A3EE-A1E90754C071}.Release|x64.Build.0 = Release|x64
		{B153AE71-1860-47C4-A3EE-A1E90754C071}.Release|x86.ActiveCfg = Release|Win32
		{B153AE71-1860-47C4-A3EE-A1E90754C071}.Release|x86.Build.0 = Release|Win32
		{DB18656B-E9D0-4645-9783-4F5C0DA72089}.Debug|x64.ActiveCfg = Debug|x64
		{DB18656B-E9D0-4645-9783-4F5C0DA72089}.Debug|x64.Build.0 = Debug|x64
		{DB18656B-E9D0-4645-9783-4F5C0DA72089}.Debug|x86.ActiveCfg = Debug|Win32
		{DB18656B-E9D0-4645-9783-4F5C0DA72089}.Debug|x86.Build.0 = Debug|Win32
		{DB18656B-E9D0-4645-9783-4F5C0DA72089}.Release|x64.ActiveCfg = Release|x64
		{DB18656B-E9D0-4645-9783-4F5C0DA72089}.Release|x64.Build.0 = Release|x64
		{DB18656B-E9D0-4645-9783-4F5C0DA72089}.Release|x86.ActiveCfg = Release|Win32
		{DB18656B-E9D0-4645-9783-4F5C0DA72089}.Release|x86.Build.0 = Release|Win32
		{C8F6E920-7F70-4A30-B532-2B6DD5F19227}.Debug|x64.ActiveCfg = Debug|x64
		{C8F6E920-7F70-4A30-B532-2B6DD5F19227}.Debug|x64.Build.0 = Debug|x64
		{C8F6E920-7F70-4A30-B532-2B6DD5F19227}.Debug|x86.ActiveCfg = Debug|Win32
		{C8F6E920-7F70-4A30-B532-2B6DD5F19227}.Debug|x86.Build.0 = Debug|Win32
		{C8F6E920-7F70-4A30-B532-2B6DD5F19227}.Release|x64.ActiveCfg = Release|x64
		{C8F6E920-7F70-4A30-B532-2B6DD5F19227}.Release|x64.Build.0 = Release|x64
		{C8F6E920-7F70-4A30-B532-2B6DD5F19227}.Release|x86.ActiveCfg = Release|Win32
		{C8F6E920-7F70-4A30-B532-2B6DD5F19227}.Release|x86.Build.0 = Release|Win32
		{AE77E003-46CB-4720-857A-EF5CF3C9C475}.Debug|x64.ActiveCfg = Debug|x64
		{AE77E003-46CB-4720-857A-EF5CF3C9C475}.Debug|x64.Build.0 = Debug|x64
		{AE77E003-46CB-4720-857A-EF5CF3C9C475}.Debug|x86.ActiveCfg = Debug|Win32
		{AE77E003-46CB-4720-857A-EF5CF3C9C475}.Debug|x86.Build.0 = Debug|Win32
		{AE77E003-46CB-4720-857A-EF5CF3C9C475}.Release|x64.ActiveCfg = Release|x64
		{AE77E003-46CB-4720-857A-EF5CF3C9C475}.Release|x64.Build.0 = Release|x64
		{AE77E003-46CB-4720-857A-EF5CF3C9C475}.Release|x86.ActiveCfg = Release|Win32
		{AE77E003-46CB-4720-857A-EF5CF3C9C475}.Release|x86.Build.0 = Release|Win32
		{C5E014C0-C5FE-46D7-BC66-DBA74A7D2FFC}.Debug|x64.ActiveCfg = Debug|x64
		{C5E014C0-C5FE-46D7-BC66-DBA74A7D2FFC}.Debug|x64.Build.0 = Debug|x64
		{C5E014C0-C5FE-46D7-BC66-DBA74A7D2FFC}.Debug|x86.ActiveCfg = Debug|Win32
		{C5E014C0-C5FE-46D7-BC66-DBA74A7D2FFC}.Debug|x86.Build.0 = Debug|Win32
		{C5E014C0-C5FE-46D7-BC66-DBA74A7D2FFC}.Release|x64.ActiveCfg = Release|x64
		{C5E014C0-C5FE-46D7-BC66-DBA74A7D2FFC}.Release|x64.Build.0 = Release|x64
		{C5E014C0-C5FE-46D7-BC66-DBA74A7D2FFC}.Release|x86.ActiveCfg = Release|Win32
		{C5E014C0-C5FE-46D7-BC66-DBA74A7D2FFC}.Release|x86.Build.0 = Release|Win32
		{A92E1D86-B921-4A70-9701-30E4AF513516}.Debug|x64.ActiveCfg = Debug|x64
		{A92E1D86-B921-4A70-9701-30E4AF513516}.Debug|x64.Build.0 = Debug|x64
		{A92E1D86-B921-4A70-9701-30E4AF513516}.Debug|x86.ActiveCfg = Debug|Win32
		{A92E1D86-B921-4A70-9701-30E4AF513516}.Debug|x86.Build.0 = Debug|Win32
		{A92E1D86-B921-4A70-9701-30E4AF513516}.Release|x64.ActiveCfg = Release|x64
		{A92E1D86-B921-4A70-9701-30E4AF513516}.Release|x64.Build.0 = Release|x64
		{A92E1D86-B921-4A70-9701-30E4AF513516}.Release|x86.ActiveCfg = Release|Win32
		{A92E1D86-B921-4A70-9701-30E4AF513516}.Release|x86.Build.0 = Release|Win32
		{9B6A091E-34DA-4739-B4D2-2D02C8CC23B2}.Debug|x64.ActiveCfg = Debug|x64
		{9B6A091E-34DA-4739-B4D2-2D02C8CC23B2}.Debug|x64.Build.0 = Debug|x64
		{9B6A091E-34DA-4739-B4D2-2D02C8CC23B2}.Debug|x86.ActiveCfg = Debug|Win32
		{9B6A091E-34DA-4739-B4D2-2D02C8CC23B2}.Debug|x86.Build.0 = Debug|Win32
		{9B6A091E-34DA-4739-B4D2-2D02C8CC23B2}.Release|x64.ActiveCfg = Release|x64
		{9B6A091E-34DA-4739-B4D2-2D02C8CC23B2}.Release|x64.Build.0 = Release|x64
		{9B6A091E-34DA-4739-B4D2-2D02C8CC23B2}.Release|x86.ActiveCfg = Release|Win32
		{9B6A091E-34DA-4739-B4D2-2D02C8CC23B2}.Release|x86.Build.0 = Release|Win32
		{F95B0297-1240-4183-B20C-F3F26AA0D3CB}.Debug|x64.ActiveCfg = Debug|x64
		{F95B0297-1240-4183-B20C-F3F26AA0D3CB}.Debug|x64.Build.0 = Debug|x64
		{F95B0297-1240-4183-B20C-F3F26AA0D3CB}.Debug|x86.ActiveCfg = Debug|Win32
		{F95B0297-1240-4183-B20C-F3F26AA0D3CB}.Debug|x86.Build.0 = Debug|Win32
		{F95B0297-1240-4183-B20C-F3F26AA0D3CB}.Release|x64.ActiveCfg = Release|x64
		{F95B0297-1240-4183-B20C-F3F26AA0D3CB}.Release|x64.Build.0 = Release|x64
		{F95B0297-1240-4183-B20C-F3F26AA0D3CB}.Release|x86.ActiveCfg = Release|Win32
		{F95B0297-1240-4183-B20C-F3F26AA0D3CB}.Release|x86.Build.0 = Release|Win32
		{69467326-7E90-4D96-A721-D7ED1324C3CC}.Debug|x64.ActiveCfg = Debug|x64
		{69467326-7E90-4D96-A721-D7ED1324C3CC}.Debug|x64.Build.0 = Debug|x64
		{69467326-7E90-4D96-A721-D7ED1324C3CC}.Debug|x86.ActiveCfg = Debug|Win32
		{69467326-7E90-4D96-A721-D7ED1324C3CC}.Debug|x86.Build.0 = Debug|Win32
		{69467326-7E90-4D96-A721-D7ED1324C3CC}.Release|x64.ActiveCfg = Release|x64
		{69467326-7E90-4D96-A721-D7ED1324C3CC}.Release|x64.Build.0 = Release|x64
		{69467326-7E90-4D96-A721-D7ED1324C3CC}.Release|x86.ActiveCfg = Release|Win32
		{69467326-7E90-4D96-A721-D7ED1324C3CC}.Release|x86.Build.0 = Release|Win32
		{A92021C2-FE2B-4B90-9D08-B1DC18DA94A4}.Debug|x64.ActiveCfg = Debug|x64
		{A92021C2-FE2B-4B90-9D08-B1DC18DA94A4}.Debug|x64.Build.0 = Debug|x64
		{A92021C2-FE2B-4B90-9D08-B1DC18DA94A4}.Debug|x86.ActiveCfg = Debug|Win32
		{A92021C2-FE2B-4B90-9D08-B1DC18DA94A4}.Debug|x86.Build.0 = Debug|Win32
		{A92021C2-FE2B-4B90-9D08-B1DC18DA94A4}.Release|x64.ActiveCfg = Release|x64
		{A92021C2-FE2B-4B90-9D08-B1DC18DA94A4}.Release|x64.Build.0 = Release|x64
		{A92021C2-FE2B-4B90-9D08-B1DC18DA94A4}.Release|x86.ActiveCfg = Release|Win32
		{A92021C2-FE2B-4B90-9D08-B1DC18DA94A4}.Release|x86.Build.0 = Release|Win32
		{FC56B72C-CEBC-4C3E-8AA3-AC9E7CD6807A}.Debug|x64.ActiveCfg = Debug|x64
		{FC56B72C-CEBC-4C3E-8AA3-AC9E7CD6807A}.Debug|x64.Build.0 = Debug|x64
		{FC56B72C-CEBC-4C3E-8AA3-AC9E7CD6807A}.Debug|x86.ActiveCfg = Debug|Win32
		{FC56B72C-CEBC-4C3E-8AA3-AC9E7CD6807A}.Debug|x86.Build.0 = Debug|Win32
		{FC56B72C-CEBC-4C3E-8AA3-AC9E7CD6807A}.Release|x64.ActiveCfg = Release|x64
		{FC56B72C-CEBC-4C3E-8AA3-AC9E7CD6807A}.Release|x64.Build.0 = Release|x64
		{FC56B72C-CEBC-4C3E-8AA3-AC9E7CD6807A}.Release|x86.ActiveCfg = Release|Win32
		{FC56B72C-CEBC-4C3E-8AA3-AC9E7CD6807A}.Release|x86.Build.0 = Release|Win32
		{FB811503-DC43-45F9-9B44-6BB6B8132F70}.Debug|x64.ActiveCfg = Debug|x64
		{FB811503-DC43-45F9-9B44-6BB6B8132F70}.Debug|x64.Build.0 = Debug|x64
		{FB811503-DC43-45F9-9B44-6BB6B8132F70}.Debug|x86.ActiveCfg = Debug|Win32
		{FB811503-DC43-45F9-9B44-6BB6B8132F70}.Debug|x86.Build.0 = Debug|Win32
		{FB811503-DC43-45F9-9B44-6BB6B8132F70}.Release|x64.ActiveCfg = Release|x64
		{FB811503-DC43-45F9-9B44-6BB6B8132F70}.Release|x64.Build.0 = Release|x64
		{FB811503-DC43-45F9-9B44-6BB6B8132F70}.Release|x86.ActiveCfg = Release|Win32
		{FB811503-DC43-45F9-9B44-6BB6B8132F70}.Release|x86.Build.0 = Release|Win32
		{AE519CC8-680B-4767-9E00-E50A71A41699}.Debug|x64.ActiveCfg = Debug|x64
		{AE519CC8-680B-4767-9E00-E50A71A41699}.Debug|x64.Build.0 = Debug|x64
		{AE519CC8-680B-4767-9E00-E50A71A41699}.Debug|x86.ActiveCfg = Debug|Win32
		{AE519CC8-680B-4767-9E00-E50A71A41699}.Debug|x86.Build.0 = Debug|Win32
		{AE519CC8-680B-4767-9E00-E50A71A41699}.Release|x64.ActiveCfg = Release|x64
		{AE519CC8-680B-4767-9E00-E50A71A41699}.Release|x64.Build.0 = Release|x64
		{AE519CC8-680B-4767-9E00-E50A71A41699}.Release|x86.ActiveCfg = Release|Win32
		{AE519CC8-680B-4767-9E00-E50A71A41699}.Release|x86.Build.0 = Release|Win32
		{EC8951EF-F4B4-477F-8C12-AC83C7406E1E}.Debug|x64.ActiveCfg = Debug|x64
		{EC8951EF-F4B4-477F-8C12-AC83C7406E1E}.Debug|x64.Build.0 = Debug|x64
		{EC8951EF-F4B4-477F-8C12-AC83C7406E1E}.Debug|x86.ActiveCfg = Debug|Win32
		{EC8951EF-F4B4-477F-8C12-AC83C7406E1E}.Debug|x86.Build.0 = Debug|Win32
		{EC8951EF-F4B4-477F-8C12-AC83C7406E1E}.Release|x64.ActiveCfg = Release|x64
		{EC8951EF-F4B4-477F-8C12-AC83C7406E1E}.Release|x64.Build.0 = Release|x64
		{EC8951EF-F4B4-477F-8C12-AC83C7406E1E}.Release|x86.ActiveCfg = Release|Win32
		{EC8951EF-F4B4-477F-8C12-AC83C7406E1E}.Release|x86.Build.0 = Release|Win32
		{98F18D42-4C00-40B6-A7BE-0F5DE0CC1301}.Debug|x64.ActiveCfg = Debug|x64
		{98F18D42-4C00-40B6-A7BE-0F5DE0CC1301}.Debug|x64.Build.0 = Debug|x64
		{98F18D42-4C00-40B6-A7BE-0F5DE0CC1301}.Debug|x86.ActiveCfg = Debug|Win32
		{98F18D42-4C00-40B6-A7BE-0F5DE0CC1301}.Debug|x86.Build.0 = Debug|Win32
		{98F18D42-4C00-40B6-A7BE-0F5DE0CC1301}.Release|x64.ActiveCfg = Release|x64
		{98F18D42-4C00-40B6-A7BE-0F5DE0CC1301}.Release|x64.Build.0 = Release|x64
		{98F18D42-4C00-40B6-A7BE-0F5DE0CC1301}.Release|x86.ActiveCfg = Release|Win32
		{98F18D42-4C00-40B6-A7BE-0F5DE0CC1301}.Release|x86.Build.0 = Release|Win32
	EndGlobalSection
	GlobalSection(SolutionProperties) = preSolution
		HideSolutionNode = FALSE
	EndGlobalSection
EndGlobal
