
Microsoft Visual Studio Solution File, Format Version 12.00
# Visual Studio Version 17
VisualStudioVersion = 17.12.35527.113
MinimumVisualStudioVersion = 10.0.40219.1
Project("{8BC9CEB8-8B4A-11D0-8D11-00A0C91BC942}") = "0700二叉树", "0700二叉树\0700二叉树.vcxproj", "{B3D8C017-FC68-486C-B2E5-142B58954F27}"
EndProject
Project("{8BC9CEB8-8B4A-11D0-8D11-00A0C91BC942}") = "指针和引用", "指针和引用\指针和引用.vcxproj", "{64066E7B-0F9D-4E93-A861-6728C809C630}"
EndProject
Project("{8BC9CEB8-8B4A-11D0-8D11-00A0C91BC942}") = "0701二叉树最短路径长度", "0701二叉树最短路径长度\0701二叉树最短路径长度.vcxproj", "{2816A956-6788-4136-A3F1-3AD26D116EBC}"
EndProject
Project("{8BC9CEB8-8B4A-11D0-8D11-00A0C91BC942}") = "二叉树层次建树", "二叉树层次建树\二叉树层次建树.vcxproj", "{D4026670-D415-4FC3-A1D0-D0136598D7E8}"
EndProject
Project("{8BC9CEB8-8B4A-11D0-8D11-00A0C91BC942}") = "0702二叉树遍历", "0702二叉树遍历\0702二叉树遍历.vcxproj", "{29894922-78AC-494B-8D88-A6C6CE63B477}"
EndProject
Project("{8BC9CEB8-8B4A-11D0-8D11-00A0C91BC942}") = "0703重建二叉树", "0703重建二叉树\0703重建二叉树.vcxproj", "{480A6D4A-A805-42AF-964D-50E431CF976E}"
EndProject
Project("{8BC9CEB8-8B4A-11D0-8D11-00A0C91BC942}") = "0700二叉树习题", "0700二叉树习题\0700二叉树习题.vcxproj", "{997E3CB3-62B3-4FE4-A345-9918EF4F56B5}"
EndProject
Project("{8BC9CEB8-8B4A-11D0-8D11-00A0C91BC942}") = "0701树查找", "0701树查找\0701树查找.vcxproj", "{BA692DB4-0400-4890-86AE-D8CD59FA56AC}"
EndProject
Project("{8BC9CEB8-8B4A-11D0-8D11-00A0C91BC942}") = "0702前序遍历", "0702前序遍历\0702前序遍历.vcxproj", "{DAAB2479-997E-42BF-97CD-CC4FCF590399}"
EndProject
Global
	GlobalSection(SolutionConfigurationPlatforms) = preSolution
		Debug|x64 = Debug|x64
		Debug|x86 = Debug|x86
		Release|x64 = Release|x64
		Release|x86 = Release|x86
	EndGlobalSection
	GlobalSection(ProjectConfigurationPlatforms) = postSolution
		{B3D8C017-FC68-486C-B2E5-142B58954F27}.Debug|x64.ActiveCfg = Debug|x64
		{B3D8C017-FC68-486C-B2E5-142B58954F27}.Debug|x64.Build.0 = Debug|x64
		{B3D8C017-FC68-486C-B2E5-142B58954F27}.Debug|x86.ActiveCfg = Debug|Win32
		{B3D8C017-FC68-486C-B2E5-142B58954F27}.Debug|x86.Build.0 = Debug|Win32
		{B3D8C017-FC68-486C-B2E5-142B58954F27}.Release|x64.ActiveCfg = Release|x64
		{B3D8C017-FC68-486C-B2E5-142B58954F27}.Release|x64.Build.0 = Release|x64
		{B3D8C017-FC68-486C-B2E5-142B58954F27}.Release|x86.ActiveCfg = Release|Win32
		{B3D8C017-FC68-486C-B2E5-142B58954F27}.Release|x86.Build.0 = Release|Win32
		{64066E7B-0F9D-4E93-A861-6728C809C630}.Debug|x64.ActiveCfg = Debug|x64
		{64066E7B-0F9D-4E93-A861-6728C809C630}.Debug|x64.Build.0 = Debug|x64
		{64066E7B-0F9D-4E93-A861-6728C809C630}.Debug|x86.ActiveCfg = Debug|Win32
		{64066E7B-0F9D-4E93-A861-6728C809C630}.Debug|x86.Build.0 = Debug|Win32
		{64066E7B-0F9D-4E93-A861-6728C809C630}.Release|x64.ActiveCfg = Release|x64
		{64066E7B-0F9D-4E93-A861-6728C809C630}.Release|x64.Build.0 = Release|x64
		{64066E7B-0F9D-4E93-A861-6728C809C630}.Release|x86.ActiveCfg = Release|Win32
		{64066E7B-0F9D-4E93-A861-6728C809C630}.Release|x86.Build.0 = Release|Win32
		{2816A956-6788-4136-A3F1-3AD26D116EBC}.Debug|x64.ActiveCfg = Debug|x64
		{2816A956-6788-4136-A3F1-3AD26D116EBC}.Debug|x64.Build.0 = Debug|x64
		{2816A956-6788-4136-A3F1-3AD26D116EBC}.Debug|x86.ActiveCfg = Debug|Win32
		{2816A956-6788-4136-A3F1-3AD26D116EBC}.Debug|x86.Build.0 = Debug|Win32
		{2816A956-6788-4136-A3F1-3AD26D116EBC}.Release|x64.ActiveCfg = Release|x64
		{2816A956-6788-4136-A3F1-3AD26D116EBC}.Release|x64.Build.0 = Release|x64
		{2816A956-6788-4136-A3F1-3AD26D116EBC}.Release|x86.ActiveCfg = Release|Win32
		{2816A956-6788-4136-A3F1-3AD26D116EBC}.Release|x86.Build.0 = Release|Win32
		{D4026670-D415-4FC3-A1D0-D0136598D7E8}.Debug|x64.ActiveCfg = Debug|x64
		{D4026670-D415-4FC3-A1D0-D0136598D7E8}.Debug|x64.Build.0 = Debug|x64
		{D4026670-D415-4FC3-A1D0-D0136598D7E8}.Debug|x86.ActiveCfg = Debug|Win32
		{D4026670-D415-4FC3-A1D0-D0136598D7E8}.Debug|x86.Build.0 = Debug|Win32
		{D4026670-D415-4FC3-A1D0-D0136598D7E8}.Release|x64.ActiveCfg = Release|x64
		{D4026670-D415-4FC3-A1D0-D0136598D7E8}.Release|x64.Build.0 = Release|x64
		{D4026670-D415-4FC3-A1D0-D0136598D7E8}.Release|x86.ActiveCfg = Release|Win32
		{D4026670-D415-4FC3-A1D0-D0136598D7E8}.Release|x86.Build.0 = Release|Win32
		{29894922-78AC-494B-8D88-A6C6CE63B477}.Debug|x64.ActiveCfg = Debug|x64
		{29894922-78AC-494B-8D88-A6C6CE63B477}.Debug|x64.Build.0 = Debug|x64
		{29894922-78AC-494B-8D88-A6C6CE63B477}.Debug|x86.ActiveCfg = Debug|Win32
		{29894922-78AC-494B-8D88-A6C6CE63B477}.Debug|x86.Build.0 = Debug|Win32
		{29894922-78AC-494B-8D88-A6C6CE63B477}.Release|x64.ActiveCfg = Release|x64
		{29894922-78AC-494B-8D88-A6C6CE63B477}.Release|x64.Build.0 = Release|x64
		{29894922-78AC-494B-8D88-A6C6CE63B477}.Release|x86.ActiveCfg = Release|Win32
		{29894922-78AC-494B-8D88-A6C6CE63B477}.Release|x86.Build.0 = Release|Win32
		{480A6D4A-A805-42AF-964D-50E431CF976E}.Debug|x64.ActiveCfg = Debug|x64
		{480A6D4A-A805-42AF-964D-50E431CF976E}.Debug|x64.Build.0 = Debug|x64
		{480A6D4A-A805-42AF-964D-50E431CF976E}.Debug|x86.ActiveCfg = Debug|Win32
		{480A6D4A-A805-42AF-964D-50E431CF976E}.Debug|x86.Build.0 = Debug|Win32
		{480A6D4A-A805-42AF-964D-50E431CF976E}.Release|x64.ActiveCfg = Release|x64
		{480A6D4A-A805-42AF-964D-50E431CF976E}.Release|x64.Build.0 = Release|x64
		{480A6D4A-A805-42AF-964D-50E431CF976E}.Release|x86.ActiveCfg = Release|Win32
		{480A6D4A-A805-42AF-964D-50E431CF976E}.Release|x86.Build.0 = Release|Win32
		{997E3CB3-62B3-4FE4-A345-9918EF4F56B5}.Debug|x64.ActiveCfg = Debug|x64
		{997E3CB3-62B3-4FE4-A345-9918EF4F56B5}.Debug|x64.Build.0 = Debug|x64
		{997E3CB3-62B3-4FE4-A345-9918EF4F56B5}.Debug|x86.ActiveCfg = Debug|Win32
		{997E3CB3-62B3-4FE4-A345-9918EF4F56B5}.Debug|x86.Build.0 = Debug|Win32
		{997E3CB3-62B3-4FE4-A345-9918EF4F56B5}.Release|x64.ActiveCfg = Release|x64
		{997E3CB3-62B3-4FE4-A345-9918EF4F56B5}.Release|x64.Build.0 = Release|x64
		{997E3CB3-62B3-4FE4-A345-9918EF4F56B5}.Release|x86.ActiveCfg = Release|Win32
		{997E3CB3-62B3-4FE4-A345-9918EF4F56B5}.Release|x86.Build.0 = Release|Win32
		{BA692DB4-0400-4890-86AE-D8CD59FA56AC}.Debug|x64.ActiveCfg = Debug|x64
		{BA692DB4-0400-4890-86AE-D8CD59FA56AC}.Debug|x64.Build.0 = Debug|x64
		{BA692DB4-0400-4890-86AE-D8CD59FA56AC}.Debug|x86.ActiveCfg = Debug|Win32
		{BA692DB4-0400-4890-86AE-D8CD59FA56AC}.Debug|x86.Build.0 = Debug|Win32
		{BA692DB4-0400-4890-86AE-D8CD59FA56AC}.Release|x64.ActiveCfg = Release|x64
		{BA692DB4-0400-4890-86AE-D8CD59FA56AC}.Release|x64.Build.0 = Release|x64
		{BA692DB4-0400-4890-86AE-D8CD59FA56AC}.Release|x86.ActiveCfg = Release|Win32
		{BA692DB4-0400-4890-86AE-D8CD59FA56AC}.Release|x86.Build.0 = Release|Win32
		{DAAB2479-997E-42BF-97CD-CC4FCF590399}.Debug|x64.ActiveCfg = Debug|x64
		{DAAB2479-997E-42BF-97CD-CC4FCF590399}.Debug|x64.Build.0 = Debug|x64
		{DAAB2479-997E-42BF-97CD-CC4FCF590399}.Debug|x86.ActiveCfg = Debug|Win32
		{DAAB2479-997E-42BF-97CD-CC4FCF590399}.Debug|x86.Build.0 = Debug|Win32
		{DAAB2479-997E-42BF-97CD-CC4FCF590399}.Release|x64.ActiveCfg = Release|x64
		{DAAB2479-997E-42BF-97CD-CC4FCF590399}.Release|x64.Build.0 = Release|x64
		{DAAB2479-997E-42BF-97CD-CC4FCF590399}.Release|x86.ActiveCfg = Release|Win32
		{DAAB2479-997E-42BF-97CD-CC4FCF590399}.Release|x86.Build.0 = Release|Win32
	EndGlobalSection
	GlobalSection(SolutionProperties) = preSolution
		HideSolutionNode = FALSE
	EndGlobalSection
EndGlobal
